// !$*UTF8*$!
{
	archiveVersion = 1;
	classes = {
	};
	objectVersion = 46;
	objects = {

/* Begin PBXBuildFile section */
		AD42E5111C02B5E900764EC7 /* BasicViewController.m in Sources */ = {isa = PBXBuildFile; fileRef = AD42E5101C02B5E900764EC7 /* BasicViewController.m */; };
		AD42E5141C02B63900764EC7 /* MainTabBarController.m in Sources */ = {isa = PBXBuildFile; fileRef = AD42E5131C02B63900764EC7 /* MainTabBarController.m */; };
		AD42E5181C02B81D00764EC7 /* CookBookViewController.m in Sources */ = {isa = PBXBuildFile; fileRef = AD42E5171C02B81D00764EC7 /* CookBookViewController.m */; };
		AD42E51B1C02B83800764EC7 /* FindViewController.m in Sources */ = {isa = PBXBuildFile; fileRef = AD42E51A1C02B83800764EC7 /* FindViewController.m */; };
		AD42E51E1C02B86100764EC7 /* SquareViewController.m in Sources */ = {isa = PBXBuildFile; fileRef = AD42E51D1C02B86100764EC7 /* SquareViewController.m */; };
		AD42E5211C02B88200764EC7 /* AboutMeViewController.m in Sources */ = {isa = PBXBuildFile; fileRef = AD42E5201C02B88200764EC7 /* AboutMeViewController.m */; };
		AD5B60341C04395300BC28C9 /* CookBookTableViewCell.m in Sources */ = {isa = PBXBuildFile; fileRef = AD5B60321C04395300BC28C9 /* CookBookTableViewCell.m */; };
		AD5B60351C04395300BC28C9 /* CookBookTableViewCell.xib in Resources */ = {isa = PBXBuildFile; fileRef = AD5B60331C04395300BC28C9 /* CookBookTableViewCell.xib */; };
		AD5B604D1C045FF000BC28C9 /* JGProgressHUD Resources.bundle in Resources */ = {isa = PBXBuildFile; fileRef = AD5B60371C045FF000BC28C9 /* JGProgressHUD Resources.bundle */; };
		AD5B604E1C045FF000BC28C9 /* JGProgressHUD.m in Sources */ = {isa = PBXBuildFile; fileRef = AD5B603A1C045FF000BC28C9 /* JGProgressHUD.m */; };
		AD5B604F1C045FF000BC28C9 /* JGProgressHUDAnimation.m in Sources */ = {isa = PBXBuildFile; fileRef = AD5B603C1C045FF000BC28C9 /* JGProgressHUDAnimation.m */; };
		AD5B60501C045FF000BC28C9 /* JGProgressHUDErrorIndicatorView.m in Sources */ = {isa = PBXBuildFile; fileRef = AD5B603E1C045FF000BC28C9 /* JGProgressHUDErrorIndicatorView.m */; };
		AD5B60511C045FF000BC28C9 /* JGProgressHUDFadeAnimation.m in Sources */ = {isa = PBXBuildFile; fileRef = AD5B60401C045FF000BC28C9 /* JGProgressHUDFadeAnimation.m */; };
		AD5B60521C045FF000BC28C9 /* JGProgressHUDFadeZoomAnimation.m in Sources */ = {isa = PBXBuildFile; fileRef = AD5B60421C045FF000BC28C9 /* JGProgressHUDFadeZoomAnimation.m */; };
		AD5B60531C045FF000BC28C9 /* JGProgressHUDIndeterminateIndicatorView.m in Sources */ = {isa = PBXBuildFile; fileRef = AD5B60441C045FF000BC28C9 /* JGProgressHUDIndeterminateIndicatorView.m */; };
		AD5B60541C045FF000BC28C9 /* JGProgressHUDIndicatorView.m in Sources */ = {isa = PBXBuildFile; fileRef = AD5B60461C045FF000BC28C9 /* JGProgressHUDIndicatorView.m */; };
		AD5B60551C045FF000BC28C9 /* JGProgressHUDPieIndicatorView.m in Sources */ = {isa = PBXBuildFile; fileRef = AD5B60481C045FF000BC28C9 /* JGProgressHUDPieIndicatorView.m */; };
		AD5B60561C045FF000BC28C9 /* JGProgressHUDRingIndicatorView.m in Sources */ = {isa = PBXBuildFile; fileRef = AD5B604A1C045FF000BC28C9 /* JGProgressHUDRingIndicatorView.m */; };
		AD5B60571C045FF000BC28C9 /* JGProgressHUDSuccessIndicatorView.m in Sources */ = {isa = PBXBuildFile; fileRef = AD5B604C1C045FF000BC28C9 /* JGProgressHUDSuccessIndicatorView.m */; };
		AD787B121C0C6AD30084936B /* CommentView.m in Sources */ = {isa = PBXBuildFile; fileRef = AD787B111C0C6AD30084936B /* CommentView.m */; };
		AD787B151C0C7BA80084936B /* PlayerSectionHeaderView.m in Sources */ = {isa = PBXBuildFile; fileRef = AD787B141C0C7BA80084936B /* PlayerSectionHeaderView.m */; };
		AD7A02C71C06F23F007E0043 /* SearchHeadView.m in Sources */ = {isa = PBXBuildFile; fileRef = AD7A02C61C06F23F007E0043 /* SearchHeadView.m */; };
		AD7EBEE61C0C280000B35959 /* PlayMovieView.m in Sources */ = {isa = PBXBuildFile; fileRef = AD7EBEE51C0C280000B35959 /* PlayMovieView.m */; };
		AD7EBEE91C0C43EC00B35959 /* MovieDetailModel.m in Sources */ = {isa = PBXBuildFile; fileRef = AD7EBEE81C0C43EC00B35959 /* MovieDetailModel.m */; };
		AD8665FF1C0D72DE001249CF /* FMDatabase.m in Sources */ = {isa = PBXBuildFile; fileRef = AD8665F61C0D72DE001249CF /* FMDatabase.m */; };
		AD8666001C0D72DE001249CF /* FMDatabaseAdditions.m in Sources */ = {isa = PBXBuildFile; fileRef = AD8665F81C0D72DE001249CF /* FMDatabaseAdditions.m */; settings = {COMPILER_FLAGS = "-fno-objc-arc"; }; };
		AD8666011C0D72DE001249CF /* FMDatabasePool.m in Sources */ = {isa = PBXBuildFile; fileRef = AD8665FA1C0D72DE001249CF /* FMDatabasePool.m */; settings = {COMPILER_FLAGS = "-fno-objc-arc"; }; };
		AD8666021C0D72DE001249CF /* FMDatabaseQueue.m in Sources */ = {isa = PBXBuildFile; fileRef = AD8665FC1C0D72DE001249CF /* FMDatabaseQueue.m */; settings = {COMPILER_FLAGS = "-fno-objc-arc"; }; };
		AD8666031C0D72DE001249CF /* FMResultSet.m in Sources */ = {isa = PBXBuildFile; fileRef = AD8665FE1C0D72DE001249CF /* FMResultSet.m */; };
		AD8666051C0D73B3001249CF /* libsqlite3.tbd in Frameworks */ = {isa = PBXBuildFile; fileRef = AD8666041C0D73B3001249CF /* libsqlite3.tbd */; };
		AD8666081C0D7507001249CF /* DBManager.m in Sources */ = {isa = PBXBuildFile; fileRef = AD8666071C0D7507001249CF /* DBManager.m */; };
		AD86660B1C0D80BC001249CF /* DBModel.m in Sources */ = {isa = PBXBuildFile; fileRef = AD86660A1C0D80BC001249CF /* DBModel.m */; };
		AD9FA0571C02F1CA000AD803 /* MyCustomView.m in Sources */ = {isa = PBXBuildFile; fileRef = AD9FA0561C02F1CA000AD803 /* MyCustomView.m */; };
		AD9FA05A1C02F5C3000AD803 /* MyNavigationController.m in Sources */ = {isa = PBXBuildFile; fileRef = AD9FA0591C02F5C3000AD803 /* MyNavigationController.m */; };
		AD9FA0621C031AEA000AD803 /* CustomScrollView.m in Sources */ = {isa = PBXBuildFile; fileRef = AD9FA0611C031AEA000AD803 /* CustomScrollView.m */; };
		AD9FA0751C032B3B000AD803 /* AFNetworkActivityIndicatorManager.m in Sources */ = {isa = PBXBuildFile; fileRef = AD9FA0651C032B3B000AD803 /* AFNetworkActivityIndicatorManager.m */; };
		AD9FA0761C032B3B000AD803 /* UIActivityIndicatorView+AFNetworking.m in Sources */ = {isa = PBXBuildFile; fileRef = AD9FA0671C032B3B000AD803 /* UIActivityIndicatorView+AFNetworking.m */; };
		AD9FA0771C032B3B000AD803 /* UIAlertView+AFNetworking.m in Sources */ = {isa = PBXBuildFile; fileRef = AD9FA0691C032B3B000AD803 /* UIAlertView+AFNetworking.m */; };
		AD9FA0781C032B3B000AD803 /* UIButton+AFNetworking.m in Sources */ = {isa = PBXBuildFile; fileRef = AD9FA06B1C032B3B000AD803 /* UIButton+AFNetworking.m */; };
		AD9FA0791C032B3B000AD803 /* UIImageView+AFNetworking.m in Sources */ = {isa = PBXBuildFile; fileRef = AD9FA06D1C032B3B000AD803 /* UIImageView+AFNetworking.m */; };
		AD9FA07A1C032B3B000AD803 /* UIProgressView+AFNetworking.m in Sources */ = {isa = PBXBuildFile; fileRef = AD9FA0701C032B3B000AD803 /* UIProgressView+AFNetworking.m */; };
		AD9FA07B1C032B3B000AD803 /* UIRefreshControl+AFNetworking.m in Sources */ = {isa = PBXBuildFile; fileRef = AD9FA0721C032B3B000AD803 /* UIRefreshControl+AFNetworking.m */; };
		AD9FA07C1C032B3B000AD803 /* UIWebView+AFNetworking.m in Sources */ = {isa = PBXBuildFile; fileRef = AD9FA0741C032B3B000AD803 /* UIWebView+AFNetworking.m */; };
		AD9FA07F1C033240000AD803 /* NetManager.m in Sources */ = {isa = PBXBuildFile; fileRef = AD9FA07E1C033240000AD803 /* NetManager.m */; };
		AD9FA0941C033F1C000AD803 /* AFHTTPRequestOperation.m in Sources */ = {isa = PBXBuildFile; fileRef = AD9FA0821C033F1C000AD803 /* AFHTTPRequestOperation.m */; };
		AD9FA0951C033F1D000AD803 /* AFHTTPRequestOperationManager.m in Sources */ = {isa = PBXBuildFile; fileRef = AD9FA0841C033F1C000AD803 /* AFHTTPRequestOperationManager.m */; };
		AD9FA0961C033F1D000AD803 /* AFHTTPSessionManager.m in Sources */ = {isa = PBXBuildFile; fileRef = AD9FA0861C033F1C000AD803 /* AFHTTPSessionManager.m */; };
		AD9FA0971C033F1D000AD803 /* AFNetworkReachabilityManager.m in Sources */ = {isa = PBXBuildFile; fileRef = AD9FA0891C033F1C000AD803 /* AFNetworkReachabilityManager.m */; };
		AD9FA0981C033F1D000AD803 /* AFSecurityPolicy.m in Sources */ = {isa = PBXBuildFile; fileRef = AD9FA08B1C033F1C000AD803 /* AFSecurityPolicy.m */; };
		AD9FA0991C033F1D000AD803 /* AFURLConnectionOperation.m in Sources */ = {isa = PBXBuildFile; fileRef = AD9FA08D1C033F1C000AD803 /* AFURLConnectionOperation.m */; settings = {COMPILER_FLAGS = "-w"; }; };
		AD9FA09A1C033F1D000AD803 /* AFURLRequestSerialization.m in Sources */ = {isa = PBXBuildFile; fileRef = AD9FA08F1C033F1C000AD803 /* AFURLRequestSerialization.m */; settings = {COMPILER_FLAGS = "-w"; }; };
		AD9FA09B1C033F1D000AD803 /* AFURLResponseSerialization.m in Sources */ = {isa = PBXBuildFile; fileRef = AD9FA0911C033F1C000AD803 /* AFURLResponseSerialization.m */; };
		AD9FA09C1C033F1D000AD803 /* AFURLSessionManager.m in Sources */ = {isa = PBXBuildFile; fileRef = AD9FA0931C033F1C000AD803 /* AFURLSessionManager.m */; };
		AD9FA09F1C03405D000AD803 /* CookBookAdModel.m in Sources */ = {isa = PBXBuildFile; fileRef = AD9FA09E1C03405D000AD803 /* CookBookAdModel.m */; };
		AD9FA0A71C034C52000AD803 /* CookBookDetailModel.m in Sources */ = {isa = PBXBuildFile; fileRef = AD9FA0A61C034C52000AD803 /* CookBookDetailModel.m */; };
		AD9FA0AA1C034D21000AD803 /* CookBookCategoryModel.m in Sources */ = {isa = PBXBuildFile; fileRef = AD9FA0A91C034D21000AD803 /* CookBookCategoryModel.m */; };
		ADB67C6F1C08251A005EF3A1 /* SearchResultViewController.m in Sources */ = {isa = PBXBuildFile; fileRef = ADB67C6D1C08251A005EF3A1 /* SearchResultViewController.m */; };
		ADB67C731C08342D005EF3A1 /* SearchResultModel.m in Sources */ = {isa = PBXBuildFile; fileRef = ADB67C721C08342D005EF3A1 /* SearchResultModel.m */; };
		ADB67C771C083B11005EF3A1 /* SearchResultCollectionViewCell.m in Sources */ = {isa = PBXBuildFile; fileRef = ADB67C751C083B11005EF3A1 /* SearchResultCollectionViewCell.m */; };
		ADB67C781C083B11005EF3A1 /* SearchResultCollectionViewCell.xib in Resources */ = {isa = PBXBuildFile; fileRef = ADB67C761C083B11005EF3A1 /* SearchResultCollectionViewCell.xib */; };
		ADB67C7E1C08486A005EF3A1 /* SearchResultViewController.xib in Resources */ = {isa = PBXBuildFile; fileRef = ADB67C7D1C08486A005EF3A1 /* SearchResultViewController.xib */; };
		ADB67C811C084921005EF3A1 /* UIColor+tools.m in Sources */ = {isa = PBXBuildFile; fileRef = ADB67C801C084921005EF3A1 /* UIColor+tools.m */; };
		ADB67C841C084ED5005EF3A1 /* UIAlertView+Blocks.m in Sources */ = {isa = PBXBuildFile; fileRef = ADB67C831C084ED5005EF3A1 /* UIAlertView+Blocks.m */; };
		ADB67CB21C08570B005EF3A1 /* MJRefreshAutoFooter.m in Sources */ = {isa = PBXBuildFile; fileRef = ADB67C881C08570B005EF3A1 /* MJRefreshAutoFooter.m */; };
		ADB67CB31C08570B005EF3A1 /* MJRefreshBackFooter.m in Sources */ = {isa = PBXBuildFile; fileRef = ADB67C8A1C08570B005EF3A1 /* MJRefreshBackFooter.m */; };
		ADB67CB41C08570B005EF3A1 /* MJRefreshComponent.m in Sources */ = {isa = PBXBuildFile; fileRef = ADB67C8C1C08570B005EF3A1 /* MJRefreshComponent.m */; };
		ADB67CB51C08570B005EF3A1 /* MJRefreshFooter.m in Sources */ = {isa = PBXBuildFile; fileRef = ADB67C8E1C08570B005EF3A1 /* MJRefreshFooter.m */; };
		ADB67CB61C08570B005EF3A1 /* MJRefreshHeader.m in Sources */ = {isa = PBXBuildFile; fileRef = ADB67C901C08570B005EF3A1 /* MJRefreshHeader.m */; };
		ADB67CB71C08570B005EF3A1 /* MJRefreshAutoGifFooter.m in Sources */ = {isa = PBXBuildFile; fileRef = ADB67C951C08570B005EF3A1 /* MJRefreshAutoGifFooter.m */; };
		ADB67CB81C08570B005EF3A1 /* MJRefreshAutoNormalFooter.m in Sources */ = {isa = PBXBuildFile; fileRef = ADB67C971C08570B005EF3A1 /* MJRefreshAutoNormalFooter.m */; };
		ADB67CB91C08570B005EF3A1 /* MJRefreshAutoStateFooter.m in Sources */ = {isa = PBXBuildFile; fileRef = ADB67C991C08570B005EF3A1 /* MJRefreshAutoStateFooter.m */; };
		ADB67CBA1C08570B005EF3A1 /* MJRefreshBackGifFooter.m in Sources */ = {isa = PBXBuildFile; fileRef = ADB67C9C1C08570B005EF3A1 /* MJRefreshBackGifFooter.m */; };
		ADB67CBB1C08570B005EF3A1 /* MJRefreshBackNormalFooter.m in Sources */ = {isa = PBXBuildFile; fileRef = ADB67C9E1C08570B005EF3A1 /* MJRefreshBackNormalFooter.m */; };
		ADB67CBC1C08570B005EF3A1 /* MJRefreshBackStateFooter.m in Sources */ = {isa = PBXBuildFile; fileRef = ADB67CA01C08570B005EF3A1 /* MJRefreshBackStateFooter.m */; };
		ADB67CBD1C08570B005EF3A1 /* MJRefreshGifHeader.m in Sources */ = {isa = PBXBuildFile; fileRef = ADB67CA31C08570B005EF3A1 /* MJRefreshGifHeader.m */; };
		ADB67CBE1C08570B005EF3A1 /* MJRefreshNormalHeader.m in Sources */ = {isa = PBXBuildFile; fileRef = ADB67CA51C08570B005EF3A1 /* MJRefreshNormalHeader.m */; };
		ADB67CBF1C08570B005EF3A1 /* MJRefreshStateHeader.m in Sources */ = {isa = PBXBuildFile; fileRef = ADB67CA71C08570B005EF3A1 /* MJRefreshStateHeader.m */; };
		ADB67CC01C08570B005EF3A1 /* MJRefresh.bundle in Resources */ = {isa = PBXBuildFile; fileRef = ADB67CA81C08570B005EF3A1 /* MJRefresh.bundle */; };
		ADB67CC11C08570B005EF3A1 /* MJRefreshConst.m in Sources */ = {isa = PBXBuildFile; fileRef = ADB67CAB1C08570B005EF3A1 /* MJRefreshConst.m */; };
		ADB67CC21C08570B005EF3A1 /* UIScrollView+MJExtension.m in Sources */ = {isa = PBXBuildFile; fileRef = ADB67CAD1C08570B005EF3A1 /* UIScrollView+MJExtension.m */; };
		ADB67CC31C08570B005EF3A1 /* UIScrollView+MJRefresh.m in Sources */ = {isa = PBXBuildFile; fileRef = ADB67CAF1C08570B005EF3A1 /* UIScrollView+MJRefresh.m */; };
		ADB67CC41C08570B005EF3A1 /* UIView+MJExtension.m in Sources */ = {isa = PBXBuildFile; fileRef = ADB67CB11C08570B005EF3A1 /* UIView+MJExtension.m */; };
		ADB67CF61C087018005EF3A1 /* RegHelper.m in Sources */ = {isa = PBXBuildFile; fileRef = ADB67CF51C087018005EF3A1 /* RegHelper.m */; };
		ADB67CFB1C0942EF005EF3A1 /* VideoPlayViewController.m in Sources */ = {isa = PBXBuildFile; fileRef = ADB67CF91C0942EF005EF3A1 /* VideoPlayViewController.m */; };
		ADCBB5711C03FF7500F2D695 /* UIViewController+AlertView.m in Sources */ = {isa = PBXBuildFile; fileRef = ADCBB5701C03FF7500F2D695 /* UIViewController+AlertView.m */; };
		ADCBB5741C04086700F2D695 /* BasicModel.m in Sources */ = {isa = PBXBuildFile; fileRef = ADCBB5731C04086700F2D695 /* BasicModel.m */; };
		ADD6383B1C055E5C004EA400 /* SearchViewController.m in Sources */ = {isa = PBXBuildFile; fileRef = ADD638391C055E5C004EA400 /* SearchViewController.m */; };
		ADD6383C1C055E5C004EA400 /* SearchViewController.xib in Resources */ = {isa = PBXBuildFile; fileRef = ADD6383A1C055E5C004EA400 /* SearchViewController.xib */; };
		ADE9EA361C05A23B00DBEAF5 /* SearchCategorys.plist in Resources */ = {isa = PBXBuildFile; fileRef = ADE9EA351C05A23B00DBEAF5 /* SearchCategorys.plist */; };
		ADE9EA3A1C05A56100DBEAF5 /* SearchCategoryModel.m in Sources */ = {isa = PBXBuildFile; fileRef = ADE9EA391C05A56100DBEAF5 /* SearchCategoryModel.m */; };
		ADE9EA3D1C05A58200DBEAF5 /* SearchCategoryDetailModel.m in Sources */ = {isa = PBXBuildFile; fileRef = ADE9EA3C1C05A58200DBEAF5 /* SearchCategoryDetailModel.m */; };
		ADE9EA421C05B0CA00DBEAF5 /* SearchDetailTableViewCell.m in Sources */ = {isa = PBXBuildFile; fileRef = ADE9EA401C05B0CA00DBEAF5 /* SearchDetailTableViewCell.m */; };
		ADE9EA431C05B0CA00DBEAF5 /* SearchDetailTableViewCell.xib in Resources */ = {isa = PBXBuildFile; fileRef = ADE9EA411C05B0CA00DBEAF5 /* SearchDetailTableViewCell.xib */; };
		CE948B5A1C02A388008C6757 /* main.m in Sources */ = {isa = PBXBuildFile; fileRef = CE948B591C02A388008C6757 /* main.m */; };
		CE948B5D1C02A388008C6757 /* AppDelegate.m in Sources */ = {isa = PBXBuildFile; fileRef = CE948B5C1C02A388008C6757 /* AppDelegate.m */; };
		CE948B651C02A388008C6757 /* Assets.xcassets in Resources */ = {isa = PBXBuildFile; fileRef = CE948B641C02A388008C6757 /* Assets.xcassets */; };
		CE948B681C02A388008C6757 /* LaunchScreen.storyboard in Resources */ = {isa = PBXBuildFile; fileRef = CE948B661C02A388008C6757 /* LaunchScreen.storyboard */; };
		CE948B731C02A388008C6757 /* ZhangChu_BJTests.m in Sources */ = {isa = PBXBuildFile; fileRef = CE948B721C02A388008C6757 /* ZhangChu_BJTests.m */; };
		CE948B7E1C02A388008C6757 /* ZhangChu_BJUITests.m in Sources */ = {isa = PBXBuildFile; fileRef = CE948B7D1C02A388008C6757 /* ZhangChu_BJUITests.m */; };
/* End PBXBuildFile section */

/* Begin PBXContainerItemProxy section */
		CE948B6F1C02A388008C6757 /* PBXContainerItemProxy */ = {
			isa = PBXContainerItemProxy;
			containerPortal = CE948B4D1C02A388008C6757 /* Project object */;
			proxyType = 1;
			remoteGlobalIDString = CE948B541C02A388008C6757;
			remoteInfo = ZhangChu_BJ;
		};
		CE948B7A1C02A388008C6757 /* PBXContainerItemProxy */ = {
			isa = PBXContainerItemProxy;
			containerPortal = CE948B4D1C02A388008C6757 /* Project object */;
			proxyType = 1;
			remoteGlobalIDString = CE948B541C02A388008C6757;
			remoteInfo = ZhangChu_BJ;
		};
/* End PBXContainerItemProxy section */

/* Begin PBXFileReference section */
		AD42E50F1C02B5E900764EC7 /* BasicViewController.h */ = {isa = PBXFileReference; fileEncoding = 4; lastKnownFileType = sourcecode.c.h; name = BasicViewController.h; path = ../../BasicViewController.h; sourceTree = "<group>"; };
		AD42E5101C02B5E900764EC7 /* BasicViewController.m */ = {isa = PBXFileReference; fileEncoding = 4; lastKnownFileType = sourcecode.c.objc; name = BasicViewController.m; path = ../../BasicViewController.m; sourceTree = "<group>"; };
		AD42E5121C02B63900764EC7 /* MainTabBarController.h */ = {isa = PBXFileReference; fileEncoding = 4; lastKnownFileType = sourcecode.c.h; name = MainTabBarController.h; path = ../MainTabBarController.h; sourceTree = "<group>"; };
		AD42E5131C02B63900764EC7 /* MainTabBarController.m */ = {isa = PBXFileReference; fileEncoding = 4; lastKnownFileType = sourcecode.c.objc; name = MainTabBarController.m; path = ../MainTabBarController.m; sourceTree = "<group>"; };
		AD42E5161C02B81D00764EC7 /* CookBookViewController.h */ = {isa = PBXFileReference; fileEncoding = 4; lastKnownFileType = sourcecode.c.h; name = CookBookViewController.h; path = ../CookBookViewController.h; sourceTree = "<group>"; };
		AD42E5171C02B81D00764EC7 /* CookBookViewController.m */ = {isa = PBXFileReference; fileEncoding = 4; lastKnownFileType = sourcecode.c.objc; name = CookBookViewController.m; path = ../CookBookViewController.m; sourceTree = "<group>"; };
		AD42E5191C02B83800764EC7 /* FindViewController.h */ = {isa = PBXFileReference; fileEncoding = 4; lastKnownFileType = sourcecode.c.h; name = FindViewController.h; path = ../FindViewController.h; sourceTree = "<group>"; };
		AD42E51A1C02B83800764EC7 /* FindViewController.m */ = {isa = PBXFileReference; fileEncoding = 4; lastKnownFileType = sourcecode.c.objc; name = FindViewController.m; path = ../FindViewController.m; sourceTree = "<group>"; };
		AD42E51C1C02B86100764EC7 /* SquareViewController.h */ = {isa = PBXFileReference; fileEncoding = 4; lastKnownFileType = sourcecode.c.h; name = SquareViewController.h; path = ../SquareViewController.h; sourceTree = "<group>"; };
		AD42E51D1C02B86100764EC7 /* SquareViewController.m */ = {isa = PBXFileReference; fileEncoding = 4; lastKnownFileType = sourcecode.c.objc; name = SquareViewController.m; path = ../SquareViewController.m; sourceTree = "<group>"; };
		AD42E51F1C02B88200764EC7 /* AboutMeViewController.h */ = {isa = PBXFileReference; fileEncoding = 4; lastKnownFileType = sourcecode.c.h; name = AboutMeViewController.h; path = ../AboutMeViewController.h; sourceTree = "<group>"; };
		AD42E5201C02B88200764EC7 /* AboutMeViewController.m */ = {isa = PBXFileReference; fileEncoding = 4; lastKnownFileType = sourcecode.c.objc; name = AboutMeViewController.m; path = ../AboutMeViewController.m; sourceTree = "<group>"; };
		AD5B60311C04395300BC28C9 /* CookBookTableViewCell.h */ = {isa = PBXFileReference; fileEncoding = 4; lastKnownFileType = sourcecode.c.h; name = CookBookTableViewCell.h; path = View/CookBookTableViewCell.h; sourceTree = SOURCE_ROOT; };
		AD5B60321C04395300BC28C9 /* CookBookTableViewCell.m */ = {isa = PBXFileReference; fileEncoding = 4; lastKnownFileType = sourcecode.c.objc; name = CookBookTableViewCell.m; path = View/CookBookTableViewCell.m; sourceTree = SOURCE_ROOT; };
		AD5B60331C04395300BC28C9 /* CookBookTableViewCell.xib */ = {isa = PBXFileReference; fileEncoding = 4; lastKnownFileType = file.xib; name = CookBookTableViewCell.xib; path = View/CookBookTableViewCell.xib; sourceTree = SOURCE_ROOT; };
		AD5B60371C045FF000BC28C9 /* JGProgressHUD Resources.bundle */ = {isa = PBXFileReference; lastKnownFileType = "wrapper.plug-in"; path = "JGProgressHUD Resources.bundle"; sourceTree = "<group>"; };
		AD5B60381C045FF000BC28C9 /* JGProgressHUD-Defines.h */ = {isa = PBXFileReference; fileEncoding = 4; lastKnownFileType = sourcecode.c.h; path = "JGProgressHUD-Defines.h"; sourceTree = "<group>"; };
		AD5B60391C045FF000BC28C9 /* JGProgressHUD.h */ = {isa = PBXFileReference; fileEncoding = 4; lastKnownFileType = sourcecode.c.h; path = JGProgressHUD.h; sourceTree = "<group>"; };
		AD5B603A1C045FF000BC28C9 /* JGProgressHUD.m */ = {isa = PBXFileReference; fileEncoding = 4; lastKnownFileType = sourcecode.c.objc; path = JGProgressHUD.m; sourceTree = "<group>"; };
		AD5B603B1C045FF000BC28C9 /* JGProgressHUDAnimation.h */ = {isa = PBXFileReference; fileEncoding = 4; lastKnownFileType = sourcecode.c.h; path = JGProgressHUDAnimation.h; sourceTree = "<group>"; };
		AD5B603C1C045FF000BC28C9 /* JGProgressHUDAnimation.m */ = {isa = PBXFileReference; fileEncoding = 4; lastKnownFileType = sourcecode.c.objc; path = JGProgressHUDAnimation.m; sourceTree = "<group>"; };
		AD5B603D1C045FF000BC28C9 /* JGProgressHUDErrorIndicatorView.h */ = {isa = PBXFileReference; fileEncoding = 4; lastKnownFileType = sourcecode.c.h; path = JGProgressHUDErrorIndicatorView.h; sourceTree = "<group>"; };
		AD5B603E1C045FF000BC28C9 /* JGProgressHUDErrorIndicatorView.m */ = {isa = PBXFileReference; fileEncoding = 4; lastKnownFileType = sourcecode.c.objc; path = JGProgressHUDErrorIndicatorView.m; sourceTree = "<group>"; };
		AD5B603F1C045FF000BC28C9 /* JGProgressHUDFadeAnimation.h */ = {isa = PBXFileReference; fileEncoding = 4; lastKnownFileType = sourcecode.c.h; path = JGProgressHUDFadeAnimation.h; sourceTree = "<group>"; };
		AD5B60401C045FF000BC28C9 /* JGProgressHUDFadeAnimation.m */ = {isa = PBXFileReference; fileEncoding = 4; lastKnownFileType = sourcecode.c.objc; path = JGProgressHUDFadeAnimation.m; sourceTree = "<group>"; };
		AD5B60411C045FF000BC28C9 /* JGProgressHUDFadeZoomAnimation.h */ = {isa = PBXFileReference; fileEncoding = 4; lastKnownFileType = sourcecode.c.h; path = JGProgressHUDFadeZoomAnimation.h; sourceTree = "<group>"; };
		AD5B60421C045FF000BC28C9 /* JGProgressHUDFadeZoomAnimation.m */ = {isa = PBXFileReference; fileEncoding = 4; lastKnownFileType = sourcecode.c.objc; path = JGProgressHUDFadeZoomAnimation.m; sourceTree = "<group>"; };
		AD5B60431C045FF000BC28C9 /* JGProgressHUDIndeterminateIndicatorView.h */ = {isa = PBXFileReference; fileEncoding = 4; lastKnownFileType = sourcecode.c.h; path = JGProgressHUDIndeterminateIndicatorView.h; sourceTree = "<group>"; };
		AD5B60441C045FF000BC28C9 /* JGProgressHUDIndeterminateIndicatorView.m */ = {isa = PBXFileReference; fileEncoding = 4; lastKnownFileType = sourcecode.c.objc; path = JGProgressHUDIndeterminateIndicatorView.m; sourceTree = "<group>"; };
		AD5B60451C045FF000BC28C9 /* JGProgressHUDIndicatorView.h */ = {isa = PBXFileReference; fileEncoding = 4; lastKnownFileType = sourcecode.c.h; path = JGProgressHUDIndicatorView.h; sourceTree = "<group>"; };
		AD5B60461C045FF000BC28C9 /* JGProgressHUDIndicatorView.m */ = {isa = PBXFileReference; fileEncoding = 4; lastKnownFileType = sourcecode.c.objc; path = JGProgressHUDIndicatorView.m; sourceTree = "<group>"; };
		AD5B60471C045FF000BC28C9 /* JGProgressHUDPieIndicatorView.h */ = {isa = PBXFileReference; fileEncoding = 4; lastKnownFileType = sourcecode.c.h; path = JGProgressHUDPieIndicatorView.h; sourceTree = "<group>"; };
		AD5B60481C045FF000BC28C9 /* JGProgressHUDPieIndicatorView.m */ = {isa = PBXFileReference; fileEncoding = 4; lastKnownFileType = sourcecode.c.objc; path = JGProgressHUDPieIndicatorView.m; sourceTree = "<group>"; };
		AD5B60491C045FF000BC28C9 /* JGProgressHUDRingIndicatorView.h */ = {isa = PBXFileReference; fileEncoding = 4; lastKnownFileType = sourcecode.c.h; path = JGProgressHUDRingIndicatorView.h; sourceTree = "<group>"; };
		AD5B604A1C045FF000BC28C9 /* JGProgressHUDRingIndicatorView.m */ = {isa = PBXFileReference; fileEncoding = 4; lastKnownFileType = sourcecode.c.objc; path = JGProgressHUDRingIndicatorView.m; sourceTree = "<group>"; };
		AD5B604B1C045FF000BC28C9 /* JGProgressHUDSuccessIndicatorView.h */ = {isa = PBXFileReference; fileEncoding = 4; lastKnownFileType = sourcecode.c.h; path = JGProgressHUDSuccessIndicatorView.h; sourceTree = "<group>"; };
		AD5B604C1C045FF000BC28C9 /* JGProgressHUDSuccessIndicatorView.m */ = {isa = PBXFileReference; fileEncoding = 4; lastKnownFileType = sourcecode.c.objc; path = JGProgressHUDSuccessIndicatorView.m; sourceTree = "<group>"; };
		AD787B101C0C6AD30084936B /* CommentView.h */ = {isa = PBXFileReference; fileEncoding = 4; lastKnownFileType = sourcecode.c.h; path = CommentView.h; sourceTree = "<group>"; };
		AD787B111C0C6AD30084936B /* CommentView.m */ = {isa = PBXFileReference; fileEncoding = 4; lastKnownFileType = sourcecode.c.objc; path = CommentView.m; sourceTree = "<group>"; };
		AD787B131C0C7BA80084936B /* PlayerSectionHeaderView.h */ = {isa = PBXFileReference; fileEncoding = 4; lastKnownFileType = sourcecode.c.h; path = PlayerSectionHeaderView.h; sourceTree = "<group>"; };
		AD787B141C0C7BA80084936B /* PlayerSectionHeaderView.m */ = {isa = PBXFileReference; fileEncoding = 4; lastKnownFileType = sourcecode.c.objc; path = PlayerSectionHeaderView.m; sourceTree = "<group>"; };
		AD7A02C51C06F23F007E0043 /* SearchHeadView.h */ = {isa = PBXFileReference; fileEncoding = 4; lastKnownFileType = sourcecode.c.h; path = SearchHeadView.h; sourceTree = "<group>"; };
		AD7A02C61C06F23F007E0043 /* SearchHeadView.m */ = {isa = PBXFileReference; fileEncoding = 4; lastKnownFileType = sourcecode.c.objc; path = SearchHeadView.m; sourceTree = "<group>"; };
		AD7EBEE41C0C280000B35959 /* PlayMovieView.h */ = {isa = PBXFileReference; fileEncoding = 4; lastKnownFileType = sourcecode.c.h; path = PlayMovieView.h; sourceTree = "<group>"; };
		AD7EBEE51C0C280000B35959 /* PlayMovieView.m */ = {isa = PBXFileReference; fileEncoding = 4; lastKnownFileType = sourcecode.c.objc; path = PlayMovieView.m; sourceTree = "<group>"; };
		AD7EBEE71C0C43EC00B35959 /* MovieDetailModel.h */ = {isa = PBXFileReference; fileEncoding = 4; lastKnownFileType = sourcecode.c.h; path = MovieDetailModel.h; sourceTree = "<group>"; };
		AD7EBEE81C0C43EC00B35959 /* MovieDetailModel.m */ = {isa = PBXFileReference; fileEncoding = 4; lastKnownFileType = sourcecode.c.objc; path = MovieDetailModel.m; sourceTree = "<group>"; };
		AD8665F51C0D72DE001249CF /* FMDatabase.h */ = {isa = PBXFileReference; fileEncoding = 4; lastKnownFileType = sourcecode.c.h; path = FMDatabase.h; sourceTree = "<group>"; };
		AD8665F61C0D72DE001249CF /* FMDatabase.m */ = {isa = PBXFileReference; fileEncoding = 4; lastKnownFileType = sourcecode.c.objc; path = FMDatabase.m; sourceTree = "<group>"; };
		AD8665F71C0D72DE001249CF /* FMDatabaseAdditions.h */ = {isa = PBXFileReference; fileEncoding = 4; lastKnownFileType = sourcecode.c.h; path = FMDatabaseAdditions.h; sourceTree = "<group>"; };
		AD8665F81C0D72DE001249CF /* FMDatabaseAdditions.m */ = {isa = PBXFileReference; fileEncoding = 4; lastKnownFileType = sourcecode.c.objc; path = FMDatabaseAdditions.m; sourceTree = "<group>"; };
		AD8665F91C0D72DE001249CF /* FMDatabasePool.h */ = {isa = PBXFileReference; fileEncoding = 4; lastKnownFileType = sourcecode.c.h; path = FMDatabasePool.h; sourceTree = "<group>"; };
		AD8665FA1C0D72DE001249CF /* FMDatabasePool.m */ = {isa = PBXFileReference; fileEncoding = 4; lastKnownFileType = sourcecode.c.objc; path = FMDatabasePool.m; sourceTree = "<group>"; };
		AD8665FB1C0D72DE001249CF /* FMDatabaseQueue.h */ = {isa = PBXFileReference; fileEncoding = 4; lastKnownFileType = sourcecode.c.h; path = FMDatabaseQueue.h; sourceTree = "<group>"; };
		AD8665FC1C0D72DE001249CF /* FMDatabaseQueue.m */ = {isa = PBXFileReference; fileEncoding = 4; lastKnownFileType = sourcecode.c.objc; path = FMDatabaseQueue.m; sourceTree = "<group>"; };
		AD8665FD1C0D72DE001249CF /* FMResultSet.h */ = {isa = PBXFileReference; fileEncoding = 4; lastKnownFileType = sourcecode.c.h; path = FMResultSet.h; sourceTree = "<group>"; };
		AD8665FE1C0D72DE001249CF /* FMResultSet.m */ = {isa = PBXFileReference; fileEncoding = 4; lastKnownFileType = sourcecode.c.objc; path = FMResultSet.m; sourceTree = "<group>"; };
		AD8666041C0D73B3001249CF /* libsqlite3.tbd */ = {isa = PBXFileReference; lastKnownFileType = "sourcecode.text-based-dylib-definition"; name = libsqlite3.tbd; path = usr/lib/libsqlite3.tbd; sourceTree = SDKROOT; };
		AD8666061C0D7507001249CF /* DBManager.h */ = {isa = PBXFileReference; fileEncoding = 4; lastKnownFileType = sourcecode.c.h; path = DBManager.h; sourceTree = "<group>"; };
		AD8666071C0D7507001249CF /* DBManager.m */ = {isa = PBXFileReference; fileEncoding = 4; lastKnownFileType = sourcecode.c.objc; path = DBManager.m; sourceTree = "<group>"; };
		AD8666091C0D80BC001249CF /* DBModel.h */ = {isa = PBXFileReference; fileEncoding = 4; lastKnownFileType = sourcecode.c.h; path = DBModel.h; sourceTree = "<group>"; };
		AD86660A1C0D80BC001249CF /* DBModel.m */ = {isa = PBXFileReference; fileEncoding = 4; lastKnownFileType = sourcecode.c.objc; path = DBModel.m; sourceTree = "<group>"; };
		AD9FA0551C02F1CA000AD803 /* MyCustomView.h */ = {isa = PBXFileReference; fileEncoding = 4; lastKnownFileType = sourcecode.c.h; path = MyCustomView.h; sourceTree = "<group>"; };
		AD9FA0561C02F1CA000AD803 /* MyCustomView.m */ = {isa = PBXFileReference; fileEncoding = 4; lastKnownFileType = sourcecode.c.objc; path = MyCustomView.m; sourceTree = "<group>"; };
		AD9FA0581C02F5C3000AD803 /* MyNavigationController.h */ = {isa = PBXFileReference; fileEncoding = 4; lastKnownFileType = sourcecode.c.h; name = MyNavigationController.h; path = ../MyNavigationController.h; sourceTree = "<group>"; };
		AD9FA0591C02F5C3000AD803 /* MyNavigationController.m */ = {isa = PBXFileReference; fileEncoding = 4; lastKnownFileType = sourcecode.c.objc; name = MyNavigationController.m; path = ../MyNavigationController.m; sourceTree = "<group>"; };
		AD9FA05B1C031407000AD803 /* HeadFile.h */ = {isa = PBXFileReference; fileEncoding = 4; lastKnownFileType = sourcecode.c.h; path = HeadFile.h; sourceTree = "<group>"; };
		AD9FA0601C031AEA000AD803 /* CustomScrollView.h */ = {isa = PBXFileReference; fileEncoding = 4; lastKnownFileType = sourcecode.c.h; name = CustomScrollView.h; path = ../CustomScrollView.h; sourceTree = "<group>"; };
		AD9FA0611C031AEA000AD803 /* CustomScrollView.m */ = {isa = PBXFileReference; fileEncoding = 4; lastKnownFileType = sourcecode.c.objc; name = CustomScrollView.m; path = ../CustomScrollView.m; sourceTree = "<group>"; };
		AD9FA0641C032B3B000AD803 /* AFNetworkActivityIndicatorManager.h */ = {isa = PBXFileReference; fileEncoding = 4; lastKnownFileType = sourcecode.c.h; path = AFNetworkActivityIndicatorManager.h; sourceTree = "<group>"; };
		AD9FA0651C032B3B000AD803 /* AFNetworkActivityIndicatorManager.m */ = {isa = PBXFileReference; fileEncoding = 4; lastKnownFileType = sourcecode.c.objc; path = AFNetworkActivityIndicatorManager.m; sourceTree = "<group>"; };
		AD9FA0661C032B3B000AD803 /* UIActivityIndicatorView+AFNetworking.h */ = {isa = PBXFileReference; fileEncoding = 4; lastKnownFileType = sourcecode.c.h; path = "UIActivityIndicatorView+AFNetworking.h"; sourceTree = "<group>"; };
		AD9FA0671C032B3B000AD803 /* UIActivityIndicatorView+AFNetworking.m */ = {isa = PBXFileReference; fileEncoding = 4; lastKnownFileType = sourcecode.c.objc; path = "UIActivityIndicatorView+AFNetworking.m"; sourceTree = "<group>"; };
		AD9FA0681C032B3B000AD803 /* UIAlertView+AFNetworking.h */ = {isa = PBXFileReference; fileEncoding = 4; lastKnownFileType = sourcecode.c.h; path = "UIAlertView+AFNetworking.h"; sourceTree = "<group>"; };
		AD9FA0691C032B3B000AD803 /* UIAlertView+AFNetworking.m */ = {isa = PBXFileReference; fileEncoding = 4; lastKnownFileType = sourcecode.c.objc; path = "UIAlertView+AFNetworking.m"; sourceTree = "<group>"; };
		AD9FA06A1C032B3B000AD803 /* UIButton+AFNetworking.h */ = {isa = PBXFileReference; fileEncoding = 4; lastKnownFileType = sourcecode.c.h; path = "UIButton+AFNetworking.h"; sourceTree = "<group>"; };
		AD9FA06B1C032B3B000AD803 /* UIButton+AFNetworking.m */ = {isa = PBXFileReference; fileEncoding = 4; lastKnownFileType = sourcecode.c.objc; path = "UIButton+AFNetworking.m"; sourceTree = "<group>"; };
		AD9FA06C1C032B3B000AD803 /* UIImageView+AFNetworking.h */ = {isa = PBXFileReference; fileEncoding = 4; lastKnownFileType = sourcecode.c.h; path = "UIImageView+AFNetworking.h"; sourceTree = "<group>"; };
		AD9FA06D1C032B3B000AD803 /* UIImageView+AFNetworking.m */ = {isa = PBXFileReference; fileEncoding = 4; lastKnownFileType = sourcecode.c.objc; path = "UIImageView+AFNetworking.m"; sourceTree = "<group>"; };
		AD9FA06E1C032B3B000AD803 /* UIKit+AFNetworking.h */ = {isa = PBXFileReference; fileEncoding = 4; lastKnownFileType = sourcecode.c.h; path = "UIKit+AFNetworking.h"; sourceTree = "<group>"; };
		AD9FA06F1C032B3B000AD803 /* UIProgressView+AFNetworking.h */ = {isa = PBXFileReference; fileEncoding = 4; lastKnownFileType = sourcecode.c.h; path = "UIProgressView+AFNetworking.h"; sourceTree = "<group>"; };
		AD9FA0701C032B3B000AD803 /* UIProgressView+AFNetworking.m */ = {isa = PBXFileReference; fileEncoding = 4; lastKnownFileType = sourcecode.c.objc; path = "UIProgressView+AFNetworking.m"; sourceTree = "<group>"; };
		AD9FA0711C032B3B000AD803 /* UIRefreshControl+AFNetworking.h */ = {isa = PBXFileReference; fileEncoding = 4; lastKnownFileType = sourcecode.c.h; path = "UIRefreshControl+AFNetworking.h"; sourceTree = "<group>"; };
		AD9FA0721C032B3B000AD803 /* UIRefreshControl+AFNetworking.m */ = {isa = PBXFileReference; fileEncoding = 4; lastKnownFileType = sourcecode.c.objc; path = "UIRefreshControl+AFNetworking.m"; sourceTree = "<group>"; };
		AD9FA0731C032B3B000AD803 /* UIWebView+AFNetworking.h */ = {isa = PBXFileReference; fileEncoding = 4; lastKnownFileType = sourcecode.c.h; path = "UIWebView+AFNetworking.h"; sourceTree = "<group>"; };
		AD9FA0741C032B3B000AD803 /* UIWebView+AFNetworking.m */ = {isa = PBXFileReference; fileEncoding = 4; lastKnownFileType = sourcecode.c.objc; path = "UIWebView+AFNetworking.m"; sourceTree = "<group>"; };
		AD9FA07D1C033240000AD803 /* NetManager.h */ = {isa = PBXFileReference; fileEncoding = 4; lastKnownFileType = sourcecode.c.h; path = NetManager.h; sourceTree = "<group>"; };
		AD9FA07E1C033240000AD803 /* NetManager.m */ = {isa = PBXFileReference; fileEncoding = 4; lastKnownFileType = sourcecode.c.objc; path = NetManager.m; sourceTree = "<group>"; };
		AD9FA0811C033F1C000AD803 /* AFHTTPRequestOperation.h */ = {isa = PBXFileReference; fileEncoding = 4; lastKnownFileType = sourcecode.c.h; path = AFHTTPRequestOperation.h; sourceTree = "<group>"; };
		AD9FA0821C033F1C000AD803 /* AFHTTPRequestOperation.m */ = {isa = PBXFileReference; fileEncoding = 4; lastKnownFileType = sourcecode.c.objc; path = AFHTTPRequestOperation.m; sourceTree = "<group>"; };
		AD9FA0831C033F1C000AD803 /* AFHTTPRequestOperationManager.h */ = {isa = PBXFileReference; fileEncoding = 4; lastKnownFileType = sourcecode.c.h; path = AFHTTPRequestOperationManager.h; sourceTree = "<group>"; };
		AD9FA0841C033F1C000AD803 /* AFHTTPRequestOperationManager.m */ = {isa = PBXFileReference; fileEncoding = 4; lastKnownFileType = sourcecode.c.objc; path = AFHTTPRequestOperationManager.m; sourceTree = "<group>"; };
		AD9FA0851C033F1C000AD803 /* AFHTTPSessionManager.h */ = {isa = PBXFileReference; fileEncoding = 4; lastKnownFileType = sourcecode.c.h; path = AFHTTPSessionManager.h; sourceTree = "<group>"; };
		AD9FA0861C033F1C000AD803 /* AFHTTPSessionManager.m */ = {isa = PBXFileReference; fileEncoding = 4; lastKnownFileType = sourcecode.c.objc; path = AFHTTPSessionManager.m; sourceTree = "<group>"; };
		AD9FA0871C033F1C000AD803 /* AFNetworking.h */ = {isa = PBXFileReference; fileEncoding = 4; lastKnownFileType = sourcecode.c.h; path = AFNetworking.h; sourceTree = "<group>"; };
		AD9FA0881C033F1C000AD803 /* AFNetworkReachabilityManager.h */ = {isa = PBXFileReference; fileEncoding = 4; lastKnownFileType = sourcecode.c.h; path = AFNetworkReachabilityManager.h; sourceTree = "<group>"; };
		AD9FA0891C033F1C000AD803 /* AFNetworkReachabilityManager.m */ = {isa = PBXFileReference; fileEncoding = 4; lastKnownFileType = sourcecode.c.objc; path = AFNetworkReachabilityManager.m; sourceTree = "<group>"; };
		AD9FA08A1C033F1C000AD803 /* AFSecurityPolicy.h */ = {isa = PBXFileReference; fileEncoding = 4; lastKnownFileType = sourcecode.c.h; path = AFSecurityPolicy.h; sourceTree = "<group>"; };
		AD9FA08B1C033F1C000AD803 /* AFSecurityPolicy.m */ = {isa = PBXFileReference; fileEncoding = 4; lastKnownFileType = sourcecode.c.objc; path = AFSecurityPolicy.m; sourceTree = "<group>"; };
		AD9FA08C1C033F1C000AD803 /* AFURLConnectionOperation.h */ = {isa = PBXFileReference; fileEncoding = 4; lastKnownFileType = sourcecode.c.h; path = AFURLConnectionOperation.h; sourceTree = "<group>"; };
		AD9FA08D1C033F1C000AD803 /* AFURLConnectionOperation.m */ = {isa = PBXFileReference; fileEncoding = 4; lastKnownFileType = sourcecode.c.objc; path = AFURLConnectionOperation.m; sourceTree = "<group>"; };
		AD9FA08E1C033F1C000AD803 /* AFURLRequestSerialization.h */ = {isa = PBXFileReference; fileEncoding = 4; lastKnownFileType = sourcecode.c.h; path = AFURLRequestSerialization.h; sourceTree = "<group>"; };
		AD9FA08F1C033F1C000AD803 /* AFURLRequestSerialization.m */ = {isa = PBXFileReference; fileEncoding = 4; lastKnownFileType = sourcecode.c.objc; path = AFURLRequestSerialization.m; sourceTree = "<group>"; };
		AD9FA0901C033F1C000AD803 /* AFURLResponseSerialization.h */ = {isa = PBXFileReference; fileEncoding = 4; lastKnownFileType = sourcecode.c.h; path = AFURLResponseSerialization.h; sourceTree = "<group>"; };
		AD9FA0911C033F1C000AD803 /* AFURLResponseSerialization.m */ = {isa = PBXFileReference; fileEncoding = 4; lastKnownFileType = sourcecode.c.objc; path = AFURLResponseSerialization.m; sourceTree = "<group>"; };
		AD9FA0921C033F1C000AD803 /* AFURLSessionManager.h */ = {isa = PBXFileReference; fileEncoding = 4; lastKnownFileType = sourcecode.c.h; path = AFURLSessionManager.h; sourceTree = "<group>"; };
		AD9FA0931C033F1C000AD803 /* AFURLSessionManager.m */ = {isa = PBXFileReference; fileEncoding = 4; lastKnownFileType = sourcecode.c.objc; path = AFURLSessionManager.m; sourceTree = "<group>"; };
		AD9FA09D1C03405D000AD803 /* CookBookAdModel.h */ = {isa = PBXFileReference; fileEncoding = 4; lastKnownFileType = sourcecode.c.h; name = CookBookAdModel.h; path = Model/CookBookAdModel.h; sourceTree = SOURCE_ROOT; };
		AD9FA09E1C03405D000AD803 /* CookBookAdModel.m */ = {isa = PBXFileReference; fileEncoding = 4; lastKnownFileType = sourcecode.c.objc; name = CookBookAdModel.m; path = Model/CookBookAdModel.m; sourceTree = SOURCE_ROOT; };
		AD9FA0A51C034C52000AD803 /* CookBookDetailModel.h */ = {isa = PBXFileReference; fileEncoding = 4; lastKnownFileType = sourcecode.c.h; name = CookBookDetailModel.h; path = Model/CookBookDetailModel.h; sourceTree = SOURCE_ROOT; };
		AD9FA0A61C034C52000AD803 /* CookBookDetailModel.m */ = {isa = PBXFileReference; fileEncoding = 4; lastKnownFileType = sourcecode.c.objc; name = CookBookDetailModel.m; path = Model/CookBookDetailModel.m; sourceTree = SOURCE_ROOT; };
		AD9FA0A81C034D21000AD803 /* CookBookCategoryModel.h */ = {isa = PBXFileReference; fileEncoding = 4; lastKnownFileType = sourcecode.c.h; name = CookBookCategoryModel.h; path = Model/CookBookCategoryModel.h; sourceTree = SOURCE_ROOT; };
		AD9FA0A91C034D21000AD803 /* CookBookCategoryModel.m */ = {isa = PBXFileReference; fileEncoding = 4; lastKnownFileType = sourcecode.c.objc; name = CookBookCategoryModel.m; path = Model/CookBookCategoryModel.m; sourceTree = SOURCE_ROOT; };
		ADB67C6C1C08251A005EF3A1 /* SearchResultViewController.h */ = {isa = PBXFileReference; fileEncoding = 4; lastKnownFileType = sourcecode.c.h; path = SearchResultViewController.h; sourceTree = "<group>"; };
		ADB67C6D1C08251A005EF3A1 /* SearchResultViewController.m */ = {isa = PBXFileReference; fileEncoding = 4; lastKnownFileType = sourcecode.c.objc; path = SearchResultViewController.m; sourceTree = "<group>"; };
		ADB67C711C08342D005EF3A1 /* SearchResultModel.h */ = {isa = PBXFileReference; fileEncoding = 4; lastKnownFileType = sourcecode.c.h; path = SearchResultModel.h; sourceTree = "<group>"; };
		ADB67C721C08342D005EF3A1 /* SearchResultModel.m */ = {isa = PBXFileReference; fileEncoding = 4; lastKnownFileType = sourcecode.c.objc; path = SearchResultModel.m; sourceTree = "<group>"; };
		ADB67C741C083B11005EF3A1 /* SearchResultCollectionViewCell.h */ = {isa = PBXFileReference; fileEncoding = 4; lastKnownFileType = sourcecode.c.h; path = SearchResultCollectionViewCell.h; sourceTree = "<group>"; };
		ADB67C751C083B11005EF3A1 /* SearchResultCollectionViewCell.m */ = {isa = PBXFileReference; fileEncoding = 4; lastKnownFileType = sourcecode.c.objc; path = SearchResultCollectionViewCell.m; sourceTree = "<group>"; };
		ADB67C761C083B11005EF3A1 /* SearchResultCollectionViewCell.xib */ = {isa = PBXFileReference; fileEncoding = 4; lastKnownFileType = file.xib; path = SearchResultCollectionViewCell.xib; sourceTree = "<group>"; };
		ADB67C7D1C08486A005EF3A1 /* SearchResultViewController.xib */ = {isa = PBXFileReference; fileEncoding = 4; lastKnownFileType = file.xib; path = SearchResultViewController.xib; sourceTree = "<group>"; };
		ADB67C7F1C084921005EF3A1 /* UIColor+tools.h */ = {isa = PBXFileReference; fileEncoding = 4; lastKnownFileType = sourcecode.c.h; path = "UIColor+tools.h"; sourceTree = "<group>"; };
		ADB67C801C084921005EF3A1 /* UIColor+tools.m */ = {isa = PBXFileReference; fileEncoding = 4; lastKnownFileType = sourcecode.c.objc; path = "UIColor+tools.m"; sourceTree = "<group>"; };
		ADB67C821C084ED5005EF3A1 /* UIAlertView+Blocks.h */ = {isa = PBXFileReference; fileEncoding = 4; lastKnownFileType = sourcecode.c.h; path = "UIAlertView+Blocks.h"; sourceTree = "<group>"; };
		ADB67C831C084ED5005EF3A1 /* UIAlertView+Blocks.m */ = {isa = PBXFileReference; fileEncoding = 4; lastKnownFileType = sourcecode.c.objc; path = "UIAlertView+Blocks.m"; sourceTree = "<group>"; };
		ADB67C871C08570B005EF3A1 /* MJRefreshAutoFooter.h */ = {isa = PBXFileReference; fileEncoding = 4; lastKnownFileType = sourcecode.c.h; path = MJRefreshAutoFooter.h; sourceTree = "<group>"; };
		ADB67C881C08570B005EF3A1 /* MJRefreshAutoFooter.m */ = {isa = PBXFileReference; fileEncoding = 4; lastKnownFileType = sourcecode.c.objc; path = MJRefreshAutoFooter.m; sourceTree = "<group>"; };
		ADB67C891C08570B005EF3A1 /* MJRefreshBackFooter.h */ = {isa = PBXFileReference; fileEncoding = 4; lastKnownFileType = sourcecode.c.h; path = MJRefreshBackFooter.h; sourceTree = "<group>"; };
		ADB67C8A1C08570B005EF3A1 /* MJRefreshBackFooter.m */ = {isa = PBXFileReference; fileEncoding = 4; lastKnownFileType = sourcecode.c.objc; path = MJRefreshBackFooter.m; sourceTree = "<group>"; };
		ADB67C8B1C08570B005EF3A1 /* MJRefreshComponent.h */ = {isa = PBXFileReference; fileEncoding = 4; lastKnownFileType = sourcecode.c.h; path = MJRefreshComponent.h; sourceTree = "<group>"; };
		ADB67C8C1C08570B005EF3A1 /* MJRefreshComponent.m */ = {isa = PBXFileReference; fileEncoding = 4; lastKnownFileType = sourcecode.c.objc; path = MJRefreshComponent.m; sourceTree = "<group>"; };
		ADB67C8D1C08570B005EF3A1 /* MJRefreshFooter.h */ = {isa = PBXFileReference; fileEncoding = 4; lastKnownFileType = sourcecode.c.h; path = MJRefreshFooter.h; sourceTree = "<group>"; };
		ADB67C8E1C08570B005EF3A1 /* MJRefreshFooter.m */ = {isa = PBXFileReference; fileEncoding = 4; lastKnownFileType = sourcecode.c.objc; path = MJRefreshFooter.m; sourceTree = "<group>"; };
		ADB67C8F1C08570B005EF3A1 /* MJRefreshHeader.h */ = {isa = PBXFileReference; fileEncoding = 4; lastKnownFileType = sourcecode.c.h; path = MJRefreshHeader.h; sourceTree = "<group>"; };
		ADB67C901C08570B005EF3A1 /* MJRefreshHeader.m */ = {isa = PBXFileReference; fileEncoding = 4; lastKnownFileType = sourcecode.c.objc; path = MJRefreshHeader.m; sourceTree = "<group>"; };
		ADB67C941C08570B005EF3A1 /* MJRefreshAutoGifFooter.h */ = {isa = PBXFileReference; fileEncoding = 4; lastKnownFileType = sourcecode.c.h; path = MJRefreshAutoGifFooter.h; sourceTree = "<group>"; };
		ADB67C951C08570B005EF3A1 /* MJRefreshAutoGifFooter.m */ = {isa = PBXFileReference; fileEncoding = 4; lastKnownFileType = sourcecode.c.objc; path = MJRefreshAutoGifFooter.m; sourceTree = "<group>"; };
		ADB67C961C08570B005EF3A1 /* MJRefreshAutoNormalFooter.h */ = {isa = PBXFileReference; fileEncoding = 4; lastKnownFileType = sourcecode.c.h; path = MJRefreshAutoNormalFooter.h; sourceTree = "<group>"; };
		ADB67C971C08570B005EF3A1 /* MJRefreshAutoNormalFooter.m */ = {isa = PBXFileReference; fileEncoding = 4; lastKnownFileType = sourcecode.c.objc; path = MJRefreshAutoNormalFooter.m; sourceTree = "<group>"; };
		ADB67C981C08570B005EF3A1 /* MJRefreshAutoStateFooter.h */ = {isa = PBXFileReference; fileEncoding = 4; lastKnownFileType = sourcecode.c.h; path = MJRefreshAutoStateFooter.h; sourceTree = "<group>"; };
		ADB67C991C08570B005EF3A1 /* MJRefreshAutoStateFooter.m */ = {isa = PBXFileReference; fileEncoding = 4; lastKnownFileType = sourcecode.c.objc; path = MJRefreshAutoStateFooter.m; sourceTree = "<group>"; };
		ADB67C9B1C08570B005EF3A1 /* MJRefreshBackGifFooter.h */ = {isa = PBXFileReference; fileEncoding = 4; lastKnownFileType = sourcecode.c.h; path = MJRefreshBackGifFooter.h; sourceTree = "<group>"; };
		ADB67C9C1C08570B005EF3A1 /* MJRefreshBackGifFooter.m */ = {isa = PBXFileReference; fileEncoding = 4; lastKnownFileType = sourcecode.c.objc; path = MJRefreshBackGifFooter.m; sourceTree = "<group>"; };
		ADB67C9D1C08570B005EF3A1 /* MJRefreshBackNormalFooter.h */ = {isa = PBXFileReference; fileEncoding = 4; lastKnownFileType = sourcecode.c.h; path = MJRefreshBackNormalFooter.h; sourceTree = "<group>"; };
		ADB67C9E1C08570B005EF3A1 /* MJRefreshBackNormalFooter.m */ = {isa = PBXFileReference; fileEncoding = 4; lastKnownFileType = sourcecode.c.objc; path = MJRefreshBackNormalFooter.m; sourceTree = "<group>"; };
		ADB67C9F1C08570B005EF3A1 /* MJRefreshBackStateFooter.h */ = {isa = PBXFileReference; fileEncoding = 4; lastKnownFileType = sourcecode.c.h; path = MJRefreshBackStateFooter.h; sourceTree = "<group>"; };
		ADB67CA01C08570B005EF3A1 /* MJRefreshBackStateFooter.m */ = {isa = PBXFileReference; fileEncoding = 4; lastKnownFileType = sourcecode.c.objc; path = MJRefreshBackStateFooter.m; sourceTree = "<group>"; };
		ADB67CA21C08570B005EF3A1 /* MJRefreshGifHeader.h */ = {isa = PBXFileReference; fileEncoding = 4; lastKnownFileType = sourcecode.c.h; path = MJRefreshGifHeader.h; sourceTree = "<group>"; };
		ADB67CA31C08570B005EF3A1 /* MJRefreshGifHeader.m */ = {isa = PBXFileReference; fileEncoding = 4; lastKnownFileType = sourcecode.c.objc; path = MJRefreshGifHeader.m; sourceTree = "<group>"; };
		ADB67CA41C08570B005EF3A1 /* MJRefreshNormalHeader.h */ = {isa = PBXFileReference; fileEncoding = 4; lastKnownFileType = sourcecode.c.h; path = MJRefreshNormalHeader.h; sourceTree = "<group>"; };
		ADB67CA51C08570B005EF3A1 /* MJRefreshNormalHeader.m */ = {isa = PBXFileReference; fileEncoding = 4; lastKnownFileType = sourcecode.c.objc; path = MJRefreshNormalHeader.m; sourceTree = "<group>"; };
		ADB67CA61C08570B005EF3A1 /* MJRefreshStateHeader.h */ = {isa = PBXFileReference; fileEncoding = 4; lastKnownFileType = sourcecode.c.h; path = MJRefreshStateHeader.h; sourceTree = "<group>"; };
		ADB67CA71C08570B005EF3A1 /* MJRefreshStateHeader.m */ = {isa = PBXFileReference; fileEncoding = 4; lastKnownFileType = sourcecode.c.objc; path = MJRefreshStateHeader.m; sourceTree = "<group>"; };
		ADB67CA81C08570B005EF3A1 /* MJRefresh.bundle */ = {isa = PBXFileReference; lastKnownFileType = "wrapper.plug-in"; path = MJRefresh.bundle; sourceTree = "<group>"; };
		ADB67CA91C08570B005EF3A1 /* MJRefresh.h */ = {isa = PBXFileReference; fileEncoding = 4; lastKnownFileType = sourcecode.c.h; path = MJRefresh.h; sourceTree = "<group>"; };
		ADB67CAA1C08570B005EF3A1 /* MJRefreshConst.h */ = {isa = PBXFileReference; fileEncoding = 4; lastKnownFileType = sourcecode.c.h; path = MJRefreshConst.h; sourceTree = "<group>"; };
		ADB67CAB1C08570B005EF3A1 /* MJRefreshConst.m */ = {isa = PBXFileReference; fileEncoding = 4; lastKnownFileType = sourcecode.c.objc; path = MJRefreshConst.m; sourceTree = "<group>"; };
		ADB67CAC1C08570B005EF3A1 /* UIScrollView+MJExtension.h */ = {isa = PBXFileReference; fileEncoding = 4; lastKnownFileType = sourcecode.c.h; path = "UIScrollView+MJExtension.h"; sourceTree = "<group>"; };
		ADB67CAD1C08570B005EF3A1 /* UIScrollView+MJExtension.m */ = {isa = PBXFileReference; fileEncoding = 4; lastKnownFileType = sourcecode.c.objc; path = "UIScrollView+MJExtension.m"; sourceTree = "<group>"; };
		ADB67CAE1C08570B005EF3A1 /* UIScrollView+MJRefresh.h */ = {isa = PBXFileReference; fileEncoding = 4; lastKnownFileType = sourcecode.c.h; path = "UIScrollView+MJRefresh.h"; sourceTree = "<group>"; };
		ADB67CAF1C08570B005EF3A1 /* UIScrollView+MJRefresh.m */ = {isa = PBXFileReference; fileEncoding = 4; lastKnownFileType = sourcecode.c.objc; path = "UIScrollView+MJRefresh.m"; sourceTree = "<group>"; };
		ADB67CB01C08570B005EF3A1 /* UIView+MJExtension.h */ = {isa = PBXFileReference; fileEncoding = 4; lastKnownFileType = sourcecode.c.h; path = "UIView+MJExtension.h"; sourceTree = "<group>"; };
		ADB67CB11C08570B005EF3A1 /* UIView+MJExtension.m */ = {isa = PBXFileReference; fileEncoding = 4; lastKnownFileType = sourcecode.c.objc; path = "UIView+MJExtension.m"; sourceTree = "<group>"; };
		ADB67CF41C087018005EF3A1 /* RegHelper.h */ = {isa = PBXFileReference; fileEncoding = 4; lastKnownFileType = sourcecode.c.h; path = RegHelper.h; sourceTree = "<group>"; };
		ADB67CF51C087018005EF3A1 /* RegHelper.m */ = {isa = PBXFileReference; fileEncoding = 4; lastKnownFileType = sourcecode.c.objc; path = RegHelper.m; sourceTree = "<group>"; };
		ADB67CF81C0942EF005EF3A1 /* VideoPlayViewController.h */ = {isa = PBXFileReference; fileEncoding = 4; lastKnownFileType = sourcecode.c.h; path = VideoPlayViewController.h; sourceTree = "<group>"; };
		ADB67CF91C0942EF005EF3A1 /* VideoPlayViewController.m */ = {isa = PBXFileReference; fileEncoding = 4; lastKnownFileType = sourcecode.c.objc; path = VideoPlayViewController.m; sourceTree = "<group>"; };
		ADCBB56F1C03FF7500F2D695 /* UIViewController+AlertView.h */ = {isa = PBXFileReference; fileEncoding = 4; lastKnownFileType = sourcecode.c.h; path = "UIViewController+AlertView.h"; sourceTree = "<group>"; };
		ADCBB5701C03FF7500F2D695 /* UIViewController+AlertView.m */ = {isa = PBXFileReference; fileEncoding = 4; lastKnownFileType = sourcecode.c.objc; path = "UIViewController+AlertView.m"; sourceTree = "<group>"; };
		ADCBB5721C04086700F2D695 /* BasicModel.h */ = {isa = PBXFileReference; fileEncoding = 4; lastKnownFileType = sourcecode.c.h; path = BasicModel.h; sourceTree = "<group>"; };
		ADCBB5731C04086700F2D695 /* BasicModel.m */ = {isa = PBXFileReference; fileEncoding = 4; lastKnownFileType = sourcecode.c.objc; path = BasicModel.m; sourceTree = "<group>"; };
		ADD638381C055E5C004EA400 /* SearchViewController.h */ = {isa = PBXFileReference; fileEncoding = 4; lastKnownFileType = sourcecode.c.h; path = SearchViewController.h; sourceTree = "<group>"; };
		ADD638391C055E5C004EA400 /* SearchViewController.m */ = {isa = PBXFileReference; fileEncoding = 4; lastKnownFileType = sourcecode.c.objc; path = SearchViewController.m; sourceTree = "<group>"; };
		ADD6383A1C055E5C004EA400 /* SearchViewController.xib */ = {isa = PBXFileReference; fileEncoding = 4; lastKnownFileType = file.xib; path = SearchViewController.xib; sourceTree = "<group>"; };
		ADE9EA351C05A23B00DBEAF5 /* SearchCategorys.plist */ = {isa = PBXFileReference; fileEncoding = 4; lastKnownFileType = text.plist.xml; path = SearchCategorys.plist; sourceTree = "<group>"; };
		ADE9EA381C05A56100DBEAF5 /* SearchCategoryModel.h */ = {isa = PBXFileReference; fileEncoding = 4; lastKnownFileType = sourcecode.c.h; path = SearchCategoryModel.h; sourceTree = "<group>"; };
		ADE9EA391C05A56100DBEAF5 /* SearchCategoryModel.m */ = {isa = PBXFileReference; fileEncoding = 4; lastKnownFileType = sourcecode.c.objc; path = SearchCategoryModel.m; sourceTree = "<group>"; };
		ADE9EA3B1C05A58200DBEAF5 /* SearchCategoryDetailModel.h */ = {isa = PBXFileReference; fileEncoding = 4; lastKnownFileType = sourcecode.c.h; path = SearchCategoryDetailModel.h; sourceTree = "<group>"; };
		ADE9EA3C1C05A58200DBEAF5 /* SearchCategoryDetailModel.m */ = {isa = PBXFileReference; fileEncoding = 4; lastKnownFileType = sourcecode.c.objc; path = SearchCategoryDetailModel.m; sourceTree = "<group>"; };
		ADE9EA3F1C05B0CA00DBEAF5 /* SearchDetailTableViewCell.h */ = {isa = PBXFileReference; fileEncoding = 4; lastKnownFileType = sourcecode.c.h; path = SearchDetailTableViewCell.h; sourceTree = "<group>"; };
		ADE9EA401C05B0CA00DBEAF5 /* SearchDetailTableViewCell.m */ = {isa = PBXFileReference; fileEncoding = 4; lastKnownFileType = sourcecode.c.objc; path = SearchDetailTableViewCell.m; sourceTree = "<group>"; };
		ADE9EA411C05B0CA00DBEAF5 /* SearchDetailTableViewCell.xib */ = {isa = PBXFileReference; fileEncoding = 4; lastKnownFileType = file.xib; path = SearchDetailTableViewCell.xib; sourceTree = "<group>"; };
		CE948B551C02A388008C6757 /* ZhangChu_BJ.app */ = {isa = PBXFileReference; explicitFileType = wrapper.application; includeInIndex = 0; path = ZhangChu_BJ.app; sourceTree = BUILT_PRODUCTS_DIR; };
		CE948B591C02A388008C6757 /* main.m */ = {isa = PBXFileReference; lastKnownFileType = sourcecode.c.objc; path = main.m; sourceTree = "<group>"; };
		CE948B5B1C02A388008C6757 /* AppDelegate.h */ = {isa = PBXFileReference; lastKnownFileType = sourcecode.c.h; path = AppDelegate.h; sourceTree = "<group>"; };
		CE948B5C1C02A388008C6757 /* AppDelegate.m */ = {isa = PBXFileReference; lastKnownFileType = sourcecode.c.objc; path = AppDelegate.m; sourceTree = "<group>"; };
		CE948B641C02A388008C6757 /* Assets.xcassets */ = {isa = PBXFileReference; lastKnownFileType = folder.assetcatalog; path = Assets.xcassets; sourceTree = "<group>"; };
		CE948B671C02A388008C6757 /* Base */ = {isa = PBXFileReference; lastKnownFileType = file.storyboard; name = Base; path = Base.lproj/LaunchScreen.storyboard; sourceTree = "<group>"; };
		CE948B691C02A388008C6757 /* Info.plist */ = {isa = PBXFileReference; lastKnownFileType = text.plist.xml; path = Info.plist; sourceTree = "<group>"; };
		CE948B6E1C02A388008C6757 /* ZhangChu_BJTests.xctest */ = {isa = PBXFileReference; explicitFileType = wrapper.cfbundle; includeInIndex = 0; path = ZhangChu_BJTests.xctest; sourceTree = BUILT_PRODUCTS_DIR; };
		CE948B721C02A388008C6757 /* ZhangChu_BJTests.m */ = {isa = PBXFileReference; lastKnownFileType = sourcecode.c.objc; path = ZhangChu_BJTests.m; sourceTree = "<group>"; };
		CE948B741C02A388008C6757 /* Info.plist */ = {isa = PBXFileReference; lastKnownFileType = text.plist.xml; path = Info.plist; sourceTree = "<group>"; };
		CE948B791C02A388008C6757 /* ZhangChu_BJUITests.xctest */ = {isa = PBXFileReference; explicitFileType = wrapper.cfbundle; includeInIndex = 0; path = ZhangChu_BJUITests.xctest; sourceTree = BUILT_PRODUCTS_DIR; };
		CE948B7D1C02A388008C6757 /* ZhangChu_BJUITests.m */ = {isa = PBXFileReference; lastKnownFileType = sourcecode.c.objc; path = ZhangChu_BJUITests.m; sourceTree = "<group>"; };
		CE948B7F1C02A388008C6757 /* Info.plist */ = {isa = PBXFileReference; lastKnownFileType = text.plist.xml; path = Info.plist; sourceTree = "<group>"; };
		CE948B8B1C02A94F008C6757 /* PrefixHeader.pch */ = {isa = PBXFileReference; lastKnownFileType = sourcecode.c.h; path = PrefixHeader.pch; sourceTree = "<group>"; };
/* End PBXFileReference section */

/* Begin PBXFrameworksBuildPhase section */
		CE948B521C02A388008C6757 /* Frameworks */ = {
			isa = PBXFrameworksBuildPhase;
			buildActionMask = 2147483647;
			files = (
				AD8666051C0D73B3001249CF /* libsqlite3.tbd in Frameworks */,
			);
			runOnlyForDeploymentPostprocessing = 0;
		};
		CE948B6B1C02A388008C6757 /* Frameworks */ = {
			isa = PBXFrameworksBuildPhase;
			buildActionMask = 2147483647;
			files = (
			);
			runOnlyForDeploymentPostprocessing = 0;
		};
		CE948B761C02A388008C6757 /* Frameworks */ = {
			isa = PBXFrameworksBuildPhase;
			buildActionMask = 2147483647;
			files = (
			);
			runOnlyForDeploymentPostprocessing = 0;
		};
/* End PBXFrameworksBuildPhase section */

/* Begin PBXGroup section */
		AD42E5151C02B73E00764EC7 /* ViewControllers */ = {
			isa = PBXGroup;
			children = (
				ADB67CF71C0942C7005EF3A1 /* CookBook */,
				ADD638371C055E37004EA400 /* Search */,
				ADD638351C055CF4004EA400 /* RootViewControllers */,
				ADD638361C055D1E004EA400 /* BasicViewControllers */,
			);
			path = ViewControllers;
			sourceTree = "<group>";
		};
		AD5B60361C045FF000BC28C9 /* JGProgressHUD */ = {
			isa = PBXGroup;
			children = (
				AD5B60371C045FF000BC28C9 /* JGProgressHUD Resources.bundle */,
				AD5B60381C045FF000BC28C9 /* JGProgressHUD-Defines.h */,
				AD5B60391C045FF000BC28C9 /* JGProgressHUD.h */,
				AD5B603A1C045FF000BC28C9 /* JGProgressHUD.m */,
				AD5B603B1C045FF000BC28C9 /* JGProgressHUDAnimation.h */,
				AD5B603C1C045FF000BC28C9 /* JGProgressHUDAnimation.m */,
				AD5B603D1C045FF000BC28C9 /* JGProgressHUDErrorIndicatorView.h */,
				AD5B603E1C045FF000BC28C9 /* JGProgressHUDErrorIndicatorView.m */,
				AD5B603F1C045FF000BC28C9 /* JGProgressHUDFadeAnimation.h */,
				AD5B60401C045FF000BC28C9 /* JGProgressHUDFadeAnimation.m */,
				AD5B60411C045FF000BC28C9 /* JGProgressHUDFadeZoomAnimation.h */,
				AD5B60421C045FF000BC28C9 /* JGProgressHUDFadeZoomAnimation.m */,
				AD5B60431C045FF000BC28C9 /* JGProgressHUDIndeterminateIndicatorView.h */,
				AD5B60441C045FF000BC28C9 /* JGProgressHUDIndeterminateIndicatorView.m */,
				AD5B60451C045FF000BC28C9 /* JGProgressHUDIndicatorView.h */,
				AD5B60461C045FF000BC28C9 /* JGProgressHUDIndicatorView.m */,
				AD5B60471C045FF000BC28C9 /* JGProgressHUDPieIndicatorView.h */,
				AD5B60481C045FF000BC28C9 /* JGProgressHUDPieIndicatorView.m */,
				AD5B60491C045FF000BC28C9 /* JGProgressHUDRingIndicatorView.h */,
				AD5B604A1C045FF000BC28C9 /* JGProgressHUDRingIndicatorView.m */,
				AD5B604B1C045FF000BC28C9 /* JGProgressHUDSuccessIndicatorView.h */,
				AD5B604C1C045FF000BC28C9 /* JGProgressHUDSuccessIndicatorView.m */,
			);
			path = JGProgressHUD;
			sourceTree = "<group>";
		};
		AD8665F41C0D72DE001249CF /* fmdb_MRC */ = {
			isa = PBXGroup;
			children = (
				AD8665F51C0D72DE001249CF /* FMDatabase.h */,
				AD8665F61C0D72DE001249CF /* FMDatabase.m */,
				AD8665F71C0D72DE001249CF /* FMDatabaseAdditions.h */,
				AD8665F81C0D72DE001249CF /* FMDatabaseAdditions.m */,
				AD8665F91C0D72DE001249CF /* FMDatabasePool.h */,
				AD8665FA1C0D72DE001249CF /* FMDatabasePool.m */,
				AD8665FB1C0D72DE001249CF /* FMDatabaseQueue.h */,
				AD8665FC1C0D72DE001249CF /* FMDatabaseQueue.m */,
				AD8665FD1C0D72DE001249CF /* FMResultSet.h */,
				AD8665FE1C0D72DE001249CF /* FMResultSet.m */,
			);
			path = fmdb_MRC;
			sourceTree = "<group>";
		};
		AD9FA0541C02F139000AD803 /* Tools */ = {
			isa = PBXGroup;
			children = (
				AD8666061C0D7507001249CF /* DBManager.h */,
				AD8666071C0D7507001249CF /* DBManager.m */,
				ADB67C821C084ED5005EF3A1 /* UIAlertView+Blocks.h */,
				ADB67C831C084ED5005EF3A1 /* UIAlertView+Blocks.m */,
				ADB67C7F1C084921005EF3A1 /* UIColor+tools.h */,
				ADB67C801C084921005EF3A1 /* UIColor+tools.m */,
				AD9FA0551C02F1CA000AD803 /* MyCustomView.h */,
				AD9FA0561C02F1CA000AD803 /* MyCustomView.m */,
				AD9FA07D1C033240000AD803 /* NetManager.h */,
				AD9FA07E1C033240000AD803 /* NetManager.m */,
				ADCBB56F1C03FF7500F2D695 /* UIViewController+AlertView.h */,
				ADCBB5701C03FF7500F2D695 /* UIViewController+AlertView.m */,
			);
			path = Tools;
			sourceTree = "<group>";
		};
		AD9FA05C1C031AB9000AD803 /* Library */ = {
			isa = PBXGroup;
			children = (
				AD8665F41C0D72DE001249CF /* fmdb_MRC */,
				ADB67CF31C087018005EF3A1 /* RegHelper */,
				ADB67C851C08570B005EF3A1 /* MJRefresh */,
			);
			path = Library;
			sourceTree = "<group>";
		};
		AD9FA05D1C031AB9000AD803 /* Model */ = {
			isa = PBXGroup;
			children = (
				ADD638331C055CA3004EA400 /* CookBook */,
				ADE9EA371C05A53D00DBEAF5 /* Search */,
				AD8666091C0D80BC001249CF /* DBModel.h */,
				AD86660A1C0D80BC001249CF /* DBModel.m */,
				ADCBB5721C04086700F2D695 /* BasicModel.h */,
				ADCBB5731C04086700F2D695 /* BasicModel.m */,
			);
			path = Model;
			sourceTree = "<group>";
		};
		AD9FA05E1C031AB9000AD803 /* Resources */ = {
			isa = PBXGroup;
			children = (
				ADE9EA351C05A23B00DBEAF5 /* SearchCategorys.plist */,
			);
			path = Resources;
			sourceTree = "<group>";
		};
		AD9FA05F1C031AB9000AD803 /* View */ = {
			isa = PBXGroup;
			children = (
				ADE9EA3E1C05B0A200DBEAF5 /* Search */,
				ADD638341C055CCD004EA400 /* CookBook */,
			);
			path = View;
			sourceTree = "<group>";
		};
		AD9FA0631C032B3B000AD803 /* UIKit+AFNetworking */ = {
			isa = PBXGroup;
			children = (
				AD9FA0641C032B3B000AD803 /* AFNetworkActivityIndicatorManager.h */,
				AD9FA0651C032B3B000AD803 /* AFNetworkActivityIndicatorManager.m */,
				AD9FA0661C032B3B000AD803 /* UIActivityIndicatorView+AFNetworking.h */,
				AD9FA0671C032B3B000AD803 /* UIActivityIndicatorView+AFNetworking.m */,
				AD9FA0681C032B3B000AD803 /* UIAlertView+AFNetworking.h */,
				AD9FA0691C032B3B000AD803 /* UIAlertView+AFNetworking.m */,
				AD9FA06A1C032B3B000AD803 /* UIButton+AFNetworking.h */,
				AD9FA06B1C032B3B000AD803 /* UIButton+AFNetworking.m */,
				AD9FA06C1C032B3B000AD803 /* UIImageView+AFNetworking.h */,
				AD9FA06D1C032B3B000AD803 /* UIImageView+AFNetworking.m */,
				AD9FA06E1C032B3B000AD803 /* UIKit+AFNetworking.h */,
				AD9FA06F1C032B3B000AD803 /* UIProgressView+AFNetworking.h */,
				AD9FA0701C032B3B000AD803 /* UIProgressView+AFNetworking.m */,
				AD9FA0711C032B3B000AD803 /* UIRefreshControl+AFNetworking.h */,
				AD9FA0721C032B3B000AD803 /* UIRefreshControl+AFNetworking.m */,
				AD9FA0731C032B3B000AD803 /* UIWebView+AFNetworking.h */,
				AD9FA0741C032B3B000AD803 /* UIWebView+AFNetworking.m */,
			);
			path = "UIKit+AFNetworking";
			sourceTree = "<group>";
		};
		AD9FA0801C033F1C000AD803 /* AFNetworking */ = {
			isa = PBXGroup;
			children = (
				AD9FA0811C033F1C000AD803 /* AFHTTPRequestOperation.h */,
				AD9FA0821C033F1C000AD803 /* AFHTTPRequestOperation.m */,
				AD9FA0831C033F1C000AD803 /* AFHTTPRequestOperationManager.h */,
				AD9FA0841C033F1C000AD803 /* AFHTTPRequestOperationManager.m */,
				AD9FA0851C033F1C000AD803 /* AFHTTPSessionManager.h */,
				AD9FA0861C033F1C000AD803 /* AFHTTPSessionManager.m */,
				AD9FA0871C033F1C000AD803 /* AFNetworking.h */,
				AD9FA0881C033F1C000AD803 /* AFNetworkReachabilityManager.h */,
				AD9FA0891C033F1C000AD803 /* AFNetworkReachabilityManager.m */,
				AD9FA08A1C033F1C000AD803 /* AFSecurityPolicy.h */,
				AD9FA08B1C033F1C000AD803 /* AFSecurityPolicy.m */,
				AD9FA08C1C033F1C000AD803 /* AFURLConnectionOperation.h */,
				AD9FA08D1C033F1C000AD803 /* AFURLConnectionOperation.m */,
				AD9FA08E1C033F1C000AD803 /* AFURLRequestSerialization.h */,
				AD9FA08F1C033F1C000AD803 /* AFURLRequestSerialization.m */,
				AD9FA0901C033F1C000AD803 /* AFURLResponseSerialization.h */,
				AD9FA0911C033F1C000AD803 /* AFURLResponseSerialization.m */,
				AD9FA0921C033F1C000AD803 /* AFURLSessionManager.h */,
				AD9FA0931C033F1C000AD803 /* AFURLSessionManager.m */,
			);
			path = AFNetworking;
			sourceTree = "<group>";
		};
		ADB67C851C08570B005EF3A1 /* MJRefresh */ = {
			isa = PBXGroup;
			children = (
				ADB67C861C08570B005EF3A1 /* Base */,
				ADB67C911C08570B005EF3A1 /* Custom */,
				ADB67CA81C08570B005EF3A1 /* MJRefresh.bundle */,
				ADB67CA91C08570B005EF3A1 /* MJRefresh.h */,
				ADB67CAA1C08570B005EF3A1 /* MJRefreshConst.h */,
				ADB67CAB1C08570B005EF3A1 /* MJRefreshConst.m */,
				ADB67CAC1C08570B005EF3A1 /* UIScrollView+MJExtension.h */,
				ADB67CAD1C08570B005EF3A1 /* UIScrollView+MJExtension.m */,
				ADB67CAE1C08570B005EF3A1 /* UIScrollView+MJRefresh.h */,
				ADB67CAF1C08570B005EF3A1 /* UIScrollView+MJRefresh.m */,
				ADB67CB01C08570B005EF3A1 /* UIView+MJExtension.h */,
				ADB67CB11C08570B005EF3A1 /* UIView+MJExtension.m */,
			);
			path = MJRefresh;
			sourceTree = "<group>";
		};
		ADB67C861C08570B005EF3A1 /* Base */ = {
			isa = PBXGroup;
			children = (
				ADB67C871C08570B005EF3A1 /* MJRefreshAutoFooter.h */,
				ADB67C881C08570B005EF3A1 /* MJRefreshAutoFooter.m */,
				ADB67C891C08570B005EF3A1 /* MJRefreshBackFooter.h */,
				ADB67C8A1C08570B005EF3A1 /* MJRefreshBackFooter.m */,
				ADB67C8B1C08570B005EF3A1 /* MJRefreshComponent.h */,
				ADB67C8C1C08570B005EF3A1 /* MJRefreshComponent.m */,
				ADB67C8D1C08570B005EF3A1 /* MJRefreshFooter.h */,
				ADB67C8E1C08570B005EF3A1 /* MJRefreshFooter.m */,
				ADB67C8F1C08570B005EF3A1 /* MJRefreshHeader.h */,
				ADB67C901C08570B005EF3A1 /* MJRefreshHeader.m */,
			);
			path = Base;
			sourceTree = "<group>";
		};
		ADB67C911C08570B005EF3A1 /* Custom */ = {
			isa = PBXGroup;
			children = (
				ADB67C921C08570B005EF3A1 /* Footer */,
				ADB67CA11C08570B005EF3A1 /* Header */,
			);
			path = Custom;
			sourceTree = "<group>";
		};
		ADB67C921C08570B005EF3A1 /* Footer */ = {
			isa = PBXGroup;
			children = (
				ADB67C931C08570B005EF3A1 /* Auto */,
				ADB67C9A1C08570B005EF3A1 /* Back */,
			);
			path = Footer;
			sourceTree = "<group>";
		};
		ADB67C931C08570B005EF3A1 /* Auto */ = {
			isa = PBXGroup;
			children = (
				ADB67C941C08570B005EF3A1 /* MJRefreshAutoGifFooter.h */,
				ADB67C951C08570B005EF3A1 /* MJRefreshAutoGifFooter.m */,
				ADB67C961C08570B005EF3A1 /* MJRefreshAutoNormalFooter.h */,
				ADB67C971C08570B005EF3A1 /* MJRefreshAutoNormalFooter.m */,
				ADB67C981C08570B005EF3A1 /* MJRefreshAutoStateFooter.h */,
				ADB67C991C08570B005EF3A1 /* MJRefreshAutoStateFooter.m */,
			);
			path = Auto;
			sourceTree = "<group>";
		};
		ADB67C9A1C08570B005EF3A1 /* Back */ = {
			isa = PBXGroup;
			children = (
				ADB67C9B1C08570B005EF3A1 /* MJRefreshBackGifFooter.h */,
				ADB67C9C1C08570B005EF3A1 /* MJRefreshBackGifFooter.m */,
				ADB67C9D1C08570B005EF3A1 /* MJRefreshBackNormalFooter.h */,
				ADB67C9E1C08570B005EF3A1 /* MJRefreshBackNormalFooter.m */,
				ADB67C9F1C08570B005EF3A1 /* MJRefreshBackStateFooter.h */,
				ADB67CA01C08570B005EF3A1 /* MJRefreshBackStateFooter.m */,
			);
			path = Back;
			sourceTree = "<group>";
		};
		ADB67CA11C08570B005EF3A1 /* Header */ = {
			isa = PBXGroup;
			children = (
				ADB67CA21C08570B005EF3A1 /* MJRefreshGifHeader.h */,
				ADB67CA31C08570B005EF3A1 /* MJRefreshGifHeader.m */,
				ADB67CA41C08570B005EF3A1 /* MJRefreshNormalHeader.h */,
				ADB67CA51C08570B005EF3A1 /* MJRefreshNormalHeader.m */,
				ADB67CA61C08570B005EF3A1 /* MJRefreshStateHeader.h */,
				ADB67CA71C08570B005EF3A1 /* MJRefreshStateHeader.m */,
			);
			path = Header;
			sourceTree = "<group>";
		};
		ADB67CF31C087018005EF3A1 /* RegHelper */ = {
			isa = PBXGroup;
			children = (
				ADB67CF41C087018005EF3A1 /* RegHelper.h */,
				ADB67CF51C087018005EF3A1 /* RegHelper.m */,
			);
			path = RegHelper;
			sourceTree = "<group>";
		};
		ADB67CF71C0942C7005EF3A1 /* CookBook */ = {
			isa = PBXGroup;
			children = (
				ADB67CF81C0942EF005EF3A1 /* VideoPlayViewController.h */,
				ADB67CF91C0942EF005EF3A1 /* VideoPlayViewController.m */,
			);
			path = CookBook;
			sourceTree = "<group>";
		};
		ADD638331C055CA3004EA400 /* CookBook */ = {
			isa = PBXGroup;
			children = (
				AD7EBEE71C0C43EC00B35959 /* MovieDetailModel.h */,
				AD7EBEE81C0C43EC00B35959 /* MovieDetailModel.m */,
				AD9FA0A81C034D21000AD803 /* CookBookCategoryModel.h */,
				AD9FA0A91C034D21000AD803 /* CookBookCategoryModel.m */,
				AD9FA09D1C03405D000AD803 /* CookBookAdModel.h */,
				AD9FA09E1C03405D000AD803 /* CookBookAdModel.m */,
				AD9FA0A51C034C52000AD803 /* CookBookDetailModel.h */,
				AD9FA0A61C034C52000AD803 /* CookBookDetailModel.m */,
			);
			path = CookBook;
			sourceTree = "<group>";
		};
		ADD638341C055CCD004EA400 /* CookBook */ = {
			isa = PBXGroup;
			children = (
				AD787B131C0C7BA80084936B /* PlayerSectionHeaderView.h */,
				AD787B141C0C7BA80084936B /* PlayerSectionHeaderView.m */,
				AD787B101C0C6AD30084936B /* CommentView.h */,
				AD787B111C0C6AD30084936B /* CommentView.m */,
				AD7EBEE41C0C280000B35959 /* PlayMovieView.h */,
				AD7EBEE51C0C280000B35959 /* PlayMovieView.m */,
				AD9FA0601C031AEA000AD803 /* CustomScrollView.h */,
				AD9FA0611C031AEA000AD803 /* CustomScrollView.m */,
				AD5B60311C04395300BC28C9 /* CookBookTableViewCell.h */,
				AD5B60321C04395300BC28C9 /* CookBookTableViewCell.m */,
				AD5B60331C04395300BC28C9 /* CookBookTableViewCell.xib */,
			);
			path = CookBook;
			sourceTree = "<group>";
		};
		ADD638351C055CF4004EA400 /* RootViewControllers */ = {
			isa = PBXGroup;
			children = (
				AD42E5161C02B81D00764EC7 /* CookBookViewController.h */,
				AD42E5171C02B81D00764EC7 /* CookBookViewController.m */,
				AD42E5191C02B83800764EC7 /* FindViewController.h */,
				AD42E51A1C02B83800764EC7 /* FindViewController.m */,
				AD42E51C1C02B86100764EC7 /* SquareViewController.h */,
				AD42E51D1C02B86100764EC7 /* SquareViewController.m */,
				AD42E51F1C02B88200764EC7 /* AboutMeViewController.h */,
				AD42E5201C02B88200764EC7 /* AboutMeViewController.m */,
			);
			path = RootViewControllers;
			sourceTree = "<group>";
		};
		ADD638361C055D1E004EA400 /* BasicViewControllers */ = {
			isa = PBXGroup;
			children = (
				AD42E50F1C02B5E900764EC7 /* BasicViewController.h */,
				AD42E5101C02B5E900764EC7 /* BasicViewController.m */,
				AD42E5121C02B63900764EC7 /* MainTabBarController.h */,
				AD42E5131C02B63900764EC7 /* MainTabBarController.m */,
				AD9FA0581C02F5C3000AD803 /* MyNavigationController.h */,
				AD9FA0591C02F5C3000AD803 /* MyNavigationController.m */,
			);
			name = BasicViewControllers;
			path = ../ZhangChu_BJ/BasicViewControllers;
			sourceTree = "<group>";
		};
		ADD638371C055E37004EA400 /* Search */ = {
			isa = PBXGroup;
			children = (
				ADB67C6C1C08251A005EF3A1 /* SearchResultViewController.h */,
				ADB67C6D1C08251A005EF3A1 /* SearchResultViewController.m */,
				ADB67C7D1C08486A005EF3A1 /* SearchResultViewController.xib */,
				ADD638381C055E5C004EA400 /* SearchViewController.h */,
				ADD638391C055E5C004EA400 /* SearchViewController.m */,
				ADD6383A1C055E5C004EA400 /* SearchViewController.xib */,
			);
			path = Search;
			sourceTree = "<group>";
		};
		ADE9EA371C05A53D00DBEAF5 /* Search */ = {
			isa = PBXGroup;
			children = (
				ADB67C711C08342D005EF3A1 /* SearchResultModel.h */,
				ADB67C721C08342D005EF3A1 /* SearchResultModel.m */,
				ADE9EA381C05A56100DBEAF5 /* SearchCategoryModel.h */,
				ADE9EA391C05A56100DBEAF5 /* SearchCategoryModel.m */,
				ADE9EA3B1C05A58200DBEAF5 /* SearchCategoryDetailModel.h */,
				ADE9EA3C1C05A58200DBEAF5 /* SearchCategoryDetailModel.m */,
			);
			path = Search;
			sourceTree = "<group>";
		};
		ADE9EA3E1C05B0A200DBEAF5 /* Search */ = {
			isa = PBXGroup;
			children = (
				ADB67C741C083B11005EF3A1 /* SearchResultCollectionViewCell.h */,
				ADB67C751C083B11005EF3A1 /* SearchResultCollectionViewCell.m */,
				ADB67C761C083B11005EF3A1 /* SearchResultCollectionViewCell.xib */,
				AD7A02C51C06F23F007E0043 /* SearchHeadView.h */,
				AD7A02C61C06F23F007E0043 /* SearchHeadView.m */,
				ADE9EA3F1C05B0CA00DBEAF5 /* SearchDetailTableViewCell.h */,
				ADE9EA401C05B0CA00DBEAF5 /* SearchDetailTableViewCell.m */,
				ADE9EA411C05B0CA00DBEAF5 /* SearchDetailTableViewCell.xib */,
			);
			path = Search;
			sourceTree = "<group>";
		};
		CE948B4C1C02A388008C6757 = {
			isa = PBXGroup;
			children = (
				AD8666041C0D73B3001249CF /* libsqlite3.tbd */,
				AD9FA05C1C031AB9000AD803 /* Library */,
				AD9FA05D1C031AB9000AD803 /* Model */,
				AD9FA05E1C031AB9000AD803 /* Resources */,
				AD9FA05F1C031AB9000AD803 /* View */,
				AD9FA0541C02F139000AD803 /* Tools */,
				AD42E5151C02B73E00764EC7 /* ViewControllers */,
				CE948B8C1C02A9E3008C6757 /* 3rc */,
				CE948B571C02A388008C6757 /* ZhangChu_BJ */,
				CE948B711C02A388008C6757 /* ZhangChu_BJTests */,
				CE948B7C1C02A388008C6757 /* ZhangChu_BJUITests */,
				CE948B561C02A388008C6757 /* Products */,
			);
			sourceTree = "<group>";
		};
		CE948B561C02A388008C6757 /* Products */ = {
			isa = PBXGroup;
			children = (
				CE948B551C02A388008C6757 /* ZhangChu_BJ.app */,
				CE948B6E1C02A388008C6757 /* ZhangChu_BJTests.xctest */,
				CE948B791C02A388008C6757 /* ZhangChu_BJUITests.xctest */,
			);
			name = Products;
			sourceTree = "<group>";
		};
		CE948B571C02A388008C6757 /* ZhangChu_BJ */ = {
			isa = PBXGroup;
			children = (
				CE948B641C02A388008C6757 /* Assets.xcassets */,
				CE948B5B1C02A388008C6757 /* AppDelegate.h */,
				CE948B5C1C02A388008C6757 /* AppDelegate.m */,
				CE948B661C02A388008C6757 /* LaunchScreen.storyboard */,
				CE948B691C02A388008C6757 /* Info.plist */,
				CE948B581C02A388008C6757 /* Supporting Files */,
			);
			path = ZhangChu_BJ;
			sourceTree = "<group>";
		};
		CE948B581C02A388008C6757 /* Supporting Files */ = {
			isa = PBXGroup;
			children = (
				AD9FA05B1C031407000AD803 /* HeadFile.h */,
				CE948B591C02A388008C6757 /* main.m */,
				CE948B8B1C02A94F008C6757 /* PrefixHeader.pch */,
			);
			name = "Supporting Files";
			sourceTree = "<group>";
		};
		CE948B711C02A388008C6757 /* ZhangChu_BJTests */ = {
			isa = PBXGroup;
			children = (
				CE948B721C02A388008C6757 /* ZhangChu_BJTests.m */,
				CE948B741C02A388008C6757 /* Info.plist */,
			);
			path = ZhangChu_BJTests;
			sourceTree = "<group>";
		};
		CE948B7C1C02A388008C6757 /* ZhangChu_BJUITests */ = {
			isa = PBXGroup;
			children = (
				CE948B7D1C02A388008C6757 /* ZhangChu_BJUITests.m */,
				CE948B7F1C02A388008C6757 /* Info.plist */,
			);
			path = ZhangChu_BJUITests;
			sourceTree = "<group>";
		};
		CE948B8C1C02A9E3008C6757 /* 3rc */ = {
			isa = PBXGroup;
			children = (
				AD5B60361C045FF000BC28C9 /* JGProgressHUD */,
				AD9FA0801C033F1C000AD803 /* AFNetworking */,
				AD9FA0631C032B3B000AD803 /* UIKit+AFNetworking */,
			);
			path = 3rc;
			sourceTree = "<group>";
		};
/* End PBXGroup section */

/* Begin PBXNativeTarget section */
		CE948B541C02A388008C6757 /* ZhangChu_BJ */ = {
			isa = PBXNativeTarget;
			buildConfigurationList = CE948B821C02A388008C6757 /* Build configuration list for PBXNativeTarget "ZhangChu_BJ" */;
			buildPhases = (
				CE948B511C02A388008C6757 /* Sources */,
				CE948B521C02A388008C6757 /* Frameworks */,
				CE948B531C02A388008C6757 /* Resources */,
			);
			buildRules = (
			);
			dependencies = (
			);
			name = ZhangChu_BJ;
			productName = ZhangChu_BJ;
			productReference = CE948B551C02A388008C6757 /* ZhangChu_BJ.app */;
			productType = "com.apple.product-type.application";
		};
		CE948B6D1C02A388008C6757 /* ZhangChu_BJTests */ = {
			isa = PBXNativeTarget;
			buildConfigurationList = CE948B851C02A388008C6757 /* Build configuration list for PBXNativeTarget "ZhangChu_BJTests" */;
			buildPhases = (
				CE948B6A1C02A388008C6757 /* Sources */,
				CE948B6B1C02A388008C6757 /* Frameworks */,
				CE948B6C1C02A388008C6757 /* Resources */,
			);
			buildRules = (
			);
			dependencies = (
				CE948B701C02A388008C6757 /* PBXTargetDependency */,
			);
			name = ZhangChu_BJTests;
			productName = ZhangChu_BJTests;
			productReference = CE948B6E1C02A388008C6757 /* ZhangChu_BJTests.xctest */;
			productType = "com.apple.product-type.bundle.unit-test";
		};
		CE948B781C02A388008C6757 /* ZhangChu_BJUITests */ = {
			isa = PBXNativeTarget;
			buildConfigurationList = CE948B881C02A388008C6757 /* Build configuration list for PBXNativeTarget "ZhangChu_BJUITests" */;
			buildPhases = (
				CE948B751C02A388008C6757 /* Sources */,
				CE948B761C02A388008C6757 /* Frameworks */,
				CE948B771C02A388008C6757 /* Resources */,
			);
			buildRules = (
			);
			dependencies = (
				CE948B7B1C02A388008C6757 /* PBXTargetDependency */,
			);
			name = ZhangChu_BJUITests;
			productName = ZhangChu_BJUITests;
			productReference = CE948B791C02A388008C6757 /* ZhangChu_BJUITests.xctest */;
			productType = "com.apple.product-type.bundle.ui-testing";
		};
/* End PBXNativeTarget section */

/* Begin PBXProject section */
		CE948B4D1C02A388008C6757 /* Project object */ = {
			isa = PBXProject;
			attributes = {
				LastUpgradeCheck = 0710;
				ORGANIZATIONNAME = "____LHH_____";
				TargetAttributes = {
					CE948B541C02A388008C6757 = {
						CreatedOnToolsVersion = 7.1.1;
						DevelopmentTeam = 63349GKWYV;
					};
					CE948B6D1C02A388008C6757 = {
						CreatedOnToolsVersion = 7.1.1;
						TestTargetID = CE948B541C02A388008C6757;
					};
					CE948B781C02A388008C6757 = {
						CreatedOnToolsVersion = 7.1.1;
						TestTargetID = CE948B541C02A388008C6757;
					};
				};
			};
			buildConfigurationList = CE948B501C02A388008C6757 /* Build configuration list for PBXProject "ZhangChu_BJ" */;
			compatibilityVersion = "Xcode 3.2";
			developmentRegion = English;
			hasScannedForEncodings = 0;
			knownRegions = (
				en,
				Base,
			);
			mainGroup = CE948B4C1C02A388008C6757;
			productRefGroup = CE948B561C02A388008C6757 /* Products */;
			projectDirPath = "";
			projectRoot = "";
			targets = (
				CE948B541C02A388008C6757 /* ZhangChu_BJ */,
				CE948B6D1C02A388008C6757 /* ZhangChu_BJTests */,
				CE948B781C02A388008C6757 /* ZhangChu_BJUITests */,
			);
		};
/* End PBXProject section */

/* Begin PBXResourcesBuildPhase section */
		CE948B531C02A388008C6757 /* Resources */ = {
			isa = PBXResourcesBuildPhase;
			buildActionMask = 2147483647;
			files = (
				AD5B60351C04395300BC28C9 /* CookBookTableViewCell.xib in Resources */,
				ADB67C781C083B11005EF3A1 /* SearchResultCollectionViewCell.xib in Resources */,
				AD5B604D1C045FF000BC28C9 /* JGProgressHUD Resources.bundle in Resources */,
				ADB67C7E1C08486A005EF3A1 /* SearchResultViewController.xib in Resources */,
				ADE9EA431C05B0CA00DBEAF5 /* SearchDetailTableViewCell.xib in Resources */,
				CE948B681C02A388008C6757 /* LaunchScreen.storyboard in Resources */,
				ADD6383C1C055E5C004EA400 /* SearchViewController.xib in Resources */,
				ADE9EA361C05A23B00DBEAF5 /* SearchCategorys.plist in Resources */,
				ADB67CC01C08570B005EF3A1 /* MJRefresh.bundle in Resources */,
				CE948B651C02A388008C6757 /* Assets.xcassets in Resources */,
			);
			runOnlyForDeploymentPostprocessing = 0;
		};
		CE948B6C1C02A388008C6757 /* Resources */ = {
			isa = PBXResourcesBuildPhase;
			buildActionMask = 2147483647;
			files = (
			);
			runOnlyForDeploymentPostprocessing = 0;
		};
		CE948B771C02A388008C6757 /* Resources */ = {
			isa = PBXResourcesBuildPhase;
			buildActionMask = 2147483647;
			files = (
			);
			runOnlyForDeploymentPostprocessing = 0;
		};
/* End PBXResourcesBuildPhase section */

/* Begin PBXSourcesBuildPhase section */
		CE948B511C02A388008C6757 /* Sources */ = {
			isa = PBXSourcesBuildPhase;
			buildActionMask = 2147483647;
			files = (
				AD9FA09A1C033F1D000AD803 /* AFURLRequestSerialization.m in Sources */,
				AD9FA0991C033F1D000AD803 /* AFURLConnectionOperation.m in Sources */,
				AD5B60571C045FF000BC28C9 /* JGProgressHUDSuccessIndicatorView.m in Sources */,
				ADB67C811C084921005EF3A1 /* UIColor+tools.m in Sources */,
				AD8666081C0D7507001249CF /* DBManager.m in Sources */,
				AD42E51E1C02B86100764EC7 /* SquareViewController.m in Sources */,
				AD787B151C0C7BA80084936B /* PlayerSectionHeaderView.m in Sources */,
				AD9FA0621C031AEA000AD803 /* CustomScrollView.m in Sources */,
				AD42E5181C02B81D00764EC7 /* CookBookViewController.m in Sources */,
				AD9FA09C1C033F1D000AD803 /* AFURLSessionManager.m in Sources */,
				AD5B60521C045FF000BC28C9 /* JGProgressHUDFadeZoomAnimation.m in Sources */,
				ADE9EA421C05B0CA00DBEAF5 /* SearchDetailTableViewCell.m in Sources */,
				AD42E5141C02B63900764EC7 /* MainTabBarController.m in Sources */,
				AD9FA0751C032B3B000AD803 /* AFNetworkActivityIndicatorManager.m in Sources */,
				AD42E5111C02B5E900764EC7 /* BasicViewController.m in Sources */,
				AD9FA0981C033F1D000AD803 /* AFSecurityPolicy.m in Sources */,
				ADCBB5711C03FF7500F2D695 /* UIViewController+AlertView.m in Sources */,
				ADB67CBA1C08570B005EF3A1 /* MJRefreshBackGifFooter.m in Sources */,
				AD787B121C0C6AD30084936B /* CommentView.m in Sources */,
				AD7A02C71C06F23F007E0043 /* SearchHeadView.m in Sources */,
				ADB67CFB1C0942EF005EF3A1 /* VideoPlayViewController.m in Sources */,
				AD9FA0941C033F1C000AD803 /* AFHTTPRequestOperation.m in Sources */,
				ADB67C841C084ED5005EF3A1 /* UIAlertView+Blocks.m in Sources */,
				ADB67C731C08342D005EF3A1 /* SearchResultModel.m in Sources */,
				AD8666001C0D72DE001249CF /* FMDatabaseAdditions.m in Sources */,
				ADB67CB71C08570B005EF3A1 /* MJRefreshAutoGifFooter.m in Sources */,
				AD5B60341C04395300BC28C9 /* CookBookTableViewCell.m in Sources */,
				AD9FA0A71C034C52000AD803 /* CookBookDetailModel.m in Sources */,
				ADE9EA3A1C05A56100DBEAF5 /* SearchCategoryModel.m in Sources */,
				ADB67CC11C08570B005EF3A1 /* MJRefreshConst.m in Sources */,
				ADB67CB21C08570B005EF3A1 /* MJRefreshAutoFooter.m in Sources */,
				AD8666031C0D72DE001249CF /* FMResultSet.m in Sources */,
				AD9FA0791C032B3B000AD803 /* UIImageView+AFNetworking.m in Sources */,
				AD9FA07F1C033240000AD803 /* NetManager.m in Sources */,
				AD9FA07A1C032B3B000AD803 /* UIProgressView+AFNetworking.m in Sources */,
				AD9FA07B1C032B3B000AD803 /* UIRefreshControl+AFNetworking.m in Sources */,
				AD7EBEE61C0C280000B35959 /* PlayMovieView.m in Sources */,
				AD5B604E1C045FF000BC28C9 /* JGProgressHUD.m in Sources */,
				ADB67CBD1C08570B005EF3A1 /* MJRefreshGifHeader.m in Sources */,
				AD9FA09F1C03405D000AD803 /* CookBookAdModel.m in Sources */,
				ADD6383B1C055E5C004EA400 /* SearchViewController.m in Sources */,
				ADB67CF61C087018005EF3A1 /* RegHelper.m in Sources */,
				AD5B604F1C045FF000BC28C9 /* JGProgressHUDAnimation.m in Sources */,
				AD42E5211C02B88200764EC7 /* AboutMeViewController.m in Sources */,
				AD9FA0781C032B3B000AD803 /* UIButton+AFNetworking.m in Sources */,
				ADB67CC41C08570B005EF3A1 /* UIView+MJExtension.m in Sources */,
				ADB67CB31C08570B005EF3A1 /* MJRefreshBackFooter.m in Sources */,
				AD9FA0961C033F1D000AD803 /* AFHTTPSessionManager.m in Sources */,
				AD9FA0761C032B3B000AD803 /* UIActivityIndicatorView+AFNetworking.m in Sources */,
				ADB67CB41C08570B005EF3A1 /* MJRefreshComponent.m in Sources */,
				ADB67CBF1C08570B005EF3A1 /* MJRefreshStateHeader.m in Sources */,
				AD5B60531C045FF000BC28C9 /* JGProgressHUDIndeterminateIndicatorView.m in Sources */,
				AD5B60551C045FF000BC28C9 /* JGProgressHUDPieIndicatorView.m in Sources */,
				AD42E51B1C02B83800764EC7 /* FindViewController.m in Sources */,
				AD9FA0571C02F1CA000AD803 /* MyCustomView.m in Sources */,
				AD9FA0951C033F1D000AD803 /* AFHTTPRequestOperationManager.m in Sources */,
				AD5B60501C045FF000BC28C9 /* JGProgressHUDErrorIndicatorView.m in Sources */,
				ADB67CBE1C08570B005EF3A1 /* MJRefreshNormalHeader.m in Sources */,
				ADB67CB91C08570B005EF3A1 /* MJRefreshAutoStateFooter.m in Sources */,
				ADB67CB51C08570B005EF3A1 /* MJRefreshFooter.m in Sources */,
				AD9FA05A1C02F5C3000AD803 /* MyNavigationController.m in Sources */,
				ADB67C6F1C08251A005EF3A1 /* SearchResultViewController.m in Sources */,
				ADB67CB81C08570B005EF3A1 /* MJRefreshAutoNormalFooter.m in Sources */,
				AD7EBEE91C0C43EC00B35959 /* MovieDetailModel.m in Sources */,
				ADB67CBB1C08570B005EF3A1 /* MJRefreshBackNormalFooter.m in Sources */,
				ADB67C771C083B11005EF3A1 /* SearchResultCollectionViewCell.m in Sources */,
				AD8665FF1C0D72DE001249CF /* FMDatabase.m in Sources */,
				AD86660B1C0D80BC001249CF /* DBModel.m in Sources */,
				AD9FA0AA1C034D21000AD803 /* CookBookCategoryModel.m in Sources */,
				AD8666021C0D72DE001249CF /* FMDatabaseQueue.m in Sources */,
				AD9FA07C1C032B3B000AD803 /* UIWebView+AFNetworking.m in Sources */,
				CE948B5D1C02A388008C6757 /* AppDelegate.m in Sources */,
				AD5B60561C045FF000BC28C9 /* JGProgressHUDRingIndicatorView.m in Sources */,
				ADB67CBC1C08570B005EF3A1 /* MJRefreshBackStateFooter.m in Sources */,
				ADCBB5741C04086700F2D695 /* BasicModel.m in Sources */,
				AD8666011C0D72DE001249CF /* FMDatabasePool.m in Sources */,
				CE948B5A1C02A388008C6757 /* main.m in Sources */,
				AD5B60541C045FF000BC28C9 /* JGProgressHUDIndicatorView.m in Sources */,
				AD9FA0971C033F1D000AD803 /* AFNetworkReachabilityManager.m in Sources */,
				ADB67CB61C08570B005EF3A1 /* MJRefreshHeader.m in Sources */,
				AD9FA09B1C033F1D000AD803 /* AFURLResponseSerialization.m in Sources */,
				ADB67CC21C08570B005EF3A1 /* UIScrollView+MJExtension.m in Sources */,
				ADB67CC31C08570B005EF3A1 /* UIScrollView+MJRefresh.m in Sources */,
				AD5B60511C045FF000BC28C9 /* JGProgressHUDFadeAnimation.m in Sources */,
				ADE9EA3D1C05A58200DBEAF5 /* SearchCategoryDetailModel.m in Sources */,
				AD9FA0771C032B3B000AD803 /* UIAlertView+AFNetworking.m in Sources */,
			);
			runOnlyForDeploymentPostprocessing = 0;
		};
		CE948B6A1C02A388008C6757 /* Sources */ = {
			isa = PBXSourcesBuildPhase;
			buildActionMask = 2147483647;
			files = (
				CE948B731C02A388008C6757 /* ZhangChu_BJTests.m in Sources */,
			);
			runOnlyForDeploymentPostprocessing = 0;
		};
		CE948B751C02A388008C6757 /* Sources */ = {
			isa = PBXSourcesBuildPhase;
			buildActionMask = 2147483647;
			files = (
				CE948B7E1C02A388008C6757 /* ZhangChu_BJUITests.m in Sources */,
			);
			runOnlyForDeploymentPostprocessing = 0;
		};
/* End PBXSourcesBuildPhase section */

/* Begin PBXTargetDependency section */
		CE948B701C02A388008C6757 /* PBXTargetDependency */ = {
			isa = PBXTargetDependency;
			target = CE948B541C02A388008C6757 /* ZhangChu_BJ */;
			targetProxy = CE948B6F1C02A388008C6757 /* PBXContainerItemProxy */;
		};
		CE948B7B1C02A388008C6757 /* PBXTargetDependency */ = {
			isa = PBXTargetDependency;
			target = CE948B541C02A388008C6757 /* ZhangChu_BJ */;
			targetProxy = CE948B7A1C02A388008C6757 /* PBXContainerItemProxy */;
		};
/* End PBXTargetDependency section */

/* Begin PBXVariantGroup section */
		CE948B661C02A388008C6757 /* LaunchScreen.storyboard */ = {
			isa = PBXVariantGroup;
			children = (
				CE948B671C02A388008C6757 /* Base */,
			);
			name = LaunchScreen.storyboard;
			sourceTree = "<group>";
		};
/* End PBXVariantGroup section */

/* Begin XCBuildConfiguration section */
		CE948B801C02A388008C6757 /* Debug */ = {
			isa = XCBuildConfiguration;
			buildSettings = {
				ALWAYS_SEARCH_USER_PATHS = NO;
				CLANG_CXX_LANGUAGE_STANDARD = "gnu++0x";
				CLANG_CXX_LIBRARY = "libc++";
				CLANG_ENABLE_MODULES = YES;
				CLANG_ENABLE_OBJC_ARC = YES;
				CLANG_WARN_BOOL_CONVERSION = YES;
				CLANG_WARN_CONSTANT_CONVERSION = YES;
				CLANG_WARN_DIRECT_OBJC_ISA_USAGE = YES_ERROR;
				CLANG_WARN_EMPTY_BODY = YES;
				CLANG_WARN_ENUM_CONVERSION = YES;
				CLANG_WARN_INT_CONVERSION = YES;
				CLANG_WARN_OBJC_ROOT_CLASS = YES_ERROR;
				CLANG_WARN_UNREACHABLE_CODE = YES;
				CLANG_WARN__DUPLICATE_METHOD_MATCH = YES;
				"CODE_SIGN_IDENTITY[sdk=iphoneos*]" = "iPhone Developer";
				COPY_PHASE_STRIP = NO;
				DEBUG_INFORMATION_FORMAT = dwarf;
				ENABLE_STRICT_OBJC_MSGSEND = YES;
				ENABLE_TESTABILITY = YES;
				GCC_C_LANGUAGE_STANDARD = gnu99;
				GCC_DYNAMIC_NO_PIC = NO;
				GCC_NO_COMMON_BLOCKS = YES;
				GCC_OPTIMIZATION_LEVEL = 0;
				GCC_PREPROCESSOR_DEFINITIONS = (
					"DEBUG=1",
					"$(inherited)",
				);
				GCC_WARN_64_TO_32_BIT_CONVERSION = YES;
				GCC_WARN_ABOUT_RETURN_TYPE = YES_ERROR;
				GCC_WARN_UNDECLARED_SELECTOR = YES;
				GCC_WARN_UNINITIALIZED_AUTOS = YES_AGGRESSIVE;
				GCC_WARN_UNUSED_FUNCTION = YES;
				GCC_WARN_UNUSED_VARIABLE = YES;
				IPHONEOS_DEPLOYMENT_TARGET = 9.1;
				MTL_ENABLE_DEBUG_INFO = YES;
				ONLY_ACTIVE_ARCH = YES;
				SDKROOT = iphoneos;
				TARGETED_DEVICE_FAMILY = "1,2";
			};
			name = Debug;
		};
		CE948B811C02A388008C6757 /* Release */ = {
			isa = XCBuildConfiguration;
			buildSettings = {
				ALWAYS_SEARCH_USER_PATHS = NO;
				CLANG_CXX_LANGUAGE_STANDARD = "gnu++0x";
				CLANG_CXX_LIBRARY = "libc++";
				CLANG_ENABLE_MODULES = YES;
				CLANG_ENABLE_OBJC_ARC = YES;
				CLANG_WARN_BOOL_CONVERSION = YES;
				CLANG_WARN_CONSTANT_CONVERSION = YES;
				CLANG_WARN_DIRECT_OBJC_ISA_USAGE = YES_ERROR;
				CLANG_WARN_EMPTY_BODY = YES;
				CLANG_WARN_ENUM_CONVERSION = YES;
				CLANG_WARN_INT_CONVERSION = YES;
				CLANG_WARN_OBJC_ROOT_CLASS = YES_ERROR;
				CLANG_WARN_UNREACHABLE_CODE = YES;
				CLANG_WARN__DUPLICATE_METHOD_MATCH = YES;
				"CODE_SIGN_IDENTITY[sdk=iphoneos*]" = "iPhone Developer";
				COPY_PHASE_STRIP = NO;
				DEBUG_INFORMATION_FORMAT = "dwarf-with-dsym";
				ENABLE_NS_ASSERTIONS = NO;
				ENABLE_STRICT_OBJC_MSGSEND = YES;
				GCC_C_LANGUAGE_STANDARD = gnu99;
				GCC_NO_COMMON_BLOCKS = YES;
				GCC_WARN_64_TO_32_BIT_CONVERSION = YES;
				GCC_WARN_ABOUT_RETURN_TYPE = YES_ERROR;
				GCC_WARN_UNDECLARED_SELECTOR = YES;
				GCC_WARN_UNINITIALIZED_AUTOS = YES_AGGRESSIVE;
				GCC_WARN_UNUSED_FUNCTION = YES;
				GCC_WARN_UNUSED_VARIABLE = YES;
				IPHONEOS_DEPLOYMENT_TARGET = 9.1;
				MTL_ENABLE_DEBUG_INFO = NO;
				SDKROOT = iphoneos;
				TARGETED_DEVICE_FAMILY = "1,2";
				VALIDATE_PRODUCT = YES;
			};
			name = Release;
		};
		CE948B831C02A388008C6757 /* Debug */ = {
			isa = XCBuildConfiguration;
			buildSettings = {
				ASSETCATALOG_COMPILER_APPICON_NAME = AppIcon;
				CLANG_ENABLE_OBJC_ARC = YES;
				CODE_SIGN_IDENTITY = "iPhone Developer";
				"CODE_SIGN_IDENTITY[sdk=iphoneos*]" = "iPhone Developer";
				GCC_PREFIX_HEADER = "$(SRCROOT)/ZhangChu_BJ/PrefixHeader.pch";
				INFOPLIST_FILE = ZhangChu_BJ/Info.plist;
				IPHONEOS_DEPLOYMENT_TARGET = 7.0;
				LD_RUNPATH_SEARCH_PATHS = "$(inherited) @executable_path/Frameworks";
				PRODUCT_BUNDLE_IDENTIFIER = "com.lhh.app.ZhangChu-BJ";
				PRODUCT_NAME = "$(TARGET_NAME)";
				PROVISIONING_PROFILE = "";
				TARGETED_DEVICE_FAMILY = 1;
			};
			name = Debug;
		};
		CE948B841C02A388008C6757 /* Release */ = {
			isa = XCBuildConfiguration;
			buildSettings = {
				ASSETCATALOG_COMPILER_APPICON_NAME = AppIcon;
				CLANG_ENABLE_OBJC_ARC = YES;
				CODE_SIGN_IDENTITY = "iPhone Developer";
				"CODE_SIGN_IDENTITY[sdk=iphoneos*]" = "iPhone Developer";
				GCC_PREFIX_HEADER = "$(SRCROOT)/ZhangChu_BJ/PrefixHeader.pch";
				INFOPLIST_FILE = ZhangChu_BJ/Info.plist;
				IPHONEOS_DEPLOYMENT_TARGET = 7.0;
				LD_RUNPATH_SEARCH_PATHS = "$(inherited) @executable_path/Frameworks";
				PRODUCT_BUNDLE_IDENTIFIER = "com.lhh.app.ZhangChu-BJ";
				PRODUCT_NAME = "$(TARGET_NAME)";
				PROVISIONING_PROFILE = "";
				TARGETED_DEVICE_FAMILY = 1;
			};
			name = Release;
		};
		CE948B861C02A388008C6757 /* Debug */ = {
			isa = XCBuildConfiguration;
			buildSettings = {
				BUNDLE_LOADER = "$(TEST_HOST)";
				INFOPLIST_FILE = ZhangChu_BJTests/Info.plist;
				LD_RUNPATH_SEARCH_PATHS = "$(inherited) @executable_path/Frameworks @loader_path/Frameworks";
				PRODUCT_BUNDLE_IDENTIFIER = "com.lhh.app.ZhangChu-BJTests";
				PRODUCT_NAME = "$(TARGET_NAME)";
				TEST_HOST = "$(BUILT_PRODUCTS_DIR)/ZhangChu_BJ.app/ZhangChu_BJ";
			};
			name = Debug;
		};
		CE948B871C02A388008C6757 /* Release */ = {
			isa = XCBuildConfiguration;
			buildSettings = {
				BUNDLE_LOADER = "$(TEST_HOST)";
				INFOPLIST_FILE = ZhangChu_BJTests/Info.plist;
				LD_RUNPATH_SEARCH_PATHS = "$(inherited) @executable_path/Frameworks @loader_path/Frameworks";
				PRODUCT_BUNDLE_IDENTIFIER = "com.lhh.app.ZhangChu-BJTests";
				PRODUCT_NAME = "$(TARGET_NAME)";
				TEST_HOST = "$(BUILT_PRODUCTS_DIR)/ZhangChu_BJ.app/ZhangChu_BJ";
			};
			name = Release;
		};
		CE948B891C02A388008C6757 /* Debug */ = {
			isa = XCBuildConfiguration;
			buildSettings = {
				INFOPLIST_FILE = ZhangChu_BJUITests/Info.plist;
				LD_RUNPATH_SEARCH_PATHS = "$(inherited) @executable_path/Frameworks @loader_path/Frameworks";
				PRODUCT_BUNDLE_IDENTIFIER = "com.lhh.app.ZhangChu-BJUITests";
				PRODUCT_NAME = "$(TARGET_NAME)";
				TEST_TARGET_NAME = ZhangChu_BJ;
				USES_XCTRUNNER = YES;
			};
			name = Debug;
		};
		CE948B8A1C02A388008C6757 /* Release */ = {
			isa = XCBuildConfiguration;
			buildSettings = {
				INFOPLIST_FILE = ZhangChu_BJUITests/Info.plist;
				LD_RUNPATH_SEARCH_PATHS = "$(inherited) @executable_path/Frameworks @loader_path/Frameworks";
				PRODUCT_BUNDLE_IDENTIFIER = "com.lhh.app.ZhangChu-BJUITests";
				PRODUCT_NAME = "$(TARGET_NAME)";
				TEST_TARGET_NAME = ZhangChu_BJ;
				USES_XCTRUNNER = YES;
			};
			name = Release;
		};
/* End XCBuildConfiguration section */

/* Begin XCConfigurationList section */
		CE948B501C02A388008C6757 /* Build configuration list for PBXProject "ZhangChu_BJ" */ = {
			isa = XCConfigurationList;
			buildConfigurations = (
				CE948B801C02A388008C6757 /* Debug */,
				CE948B811C02A388008C6757 /* Release */,
			);
			defaultConfigurationIsVisible = 0;
			defaultConfigurationName = Release;
		};
		CE948B821C02A388008C6757 /* Build configuration list for PBXNativeTarget "ZhangChu_BJ" */ = {
			isa = XCConfigurationList;
			buildConfigurations = (
				CE948B831C02A388008C6757 /* Debug */,
				CE948B841C02A388008C6757 /* Release */,
			);
			defaultConfigurationIsVisible = 0;
			defaultConfigurationName = Release;
		};
		CE948B851C02A388008C6757 /* Build configuration list for PBXNativeTarget "ZhangChu_BJTests" */ = {
			isa = XCConfigurationList;
			buildConfigurations = (
				CE948B861C02A388008C6757 /* Debug */,
				CE948B871C02A388008C6757 /* Release */,
			);
			defaultConfigurationIsVisible = 0;
			defaultConfigurationName = Release;
		};
		CE948B881C02A388008C6757 /* Build configuration list for PBXNativeTarget "ZhangChu_BJUITests" */ = {
			isa = XCConfigurationList;
			buildConfigurations = (
				CE948B891C02A388008C6757 /* Debug */,
				CE948B8A1C02A388008C6757 /* Release */,
			);
			defaultConfigurationIsVisible = 0;
			defaultConfigurationName = Release;
		};
/* End XCConfigurationList section */
	};
	rootObject = CE948B4D1C02A388008C6757 /* Project object */;
}
